// !$*UTF8*$!
{
	archiveVersion = 1;
	classes = {
	};
	objectVersion = 56;
	objects = {

/* Begin PBXBuildFile section */
		59245F7B2C5051D50022E676 /* WireSystemObjectiveC.docc in Sources */ = {isa = PBXBuildFile; fileRef = 59245F7A2C5051D50022E676 /* WireSystemObjectiveC.docc */; };
		59245F812C5051D50022E676 /* WireSystemObjectiveC.framework in Frameworks */ = {isa = PBXBuildFile; fileRef = 59245F762C5051D50022E676 /* WireSystemObjectiveC.framework */; };
		59245F862C5051D50022E676 /* WireSystemObjectiveCTests.m in Sources */ = {isa = PBXBuildFile; fileRef = 59245F852C5051D50022E676 /* WireSystemObjectiveCTests.m */; };
		59245F872C5051D50022E676 /* WireSystemObjectiveC.h in Headers */ = {isa = PBXBuildFile; fileRef = 59245F792C5051D50022E676 /* WireSystemObjectiveC.h */; settings = {ATTRIBUTES = (Public, ); }; };
/* End PBXBuildFile section */

/* Begin PBXContainerItemProxy section */
		59245F822C5051D50022E676 /* PBXContainerItemProxy */ = {
			isa = PBXContainerItemProxy;
			containerPortal = 59245F6D2C5051D50022E676 /* Project object */;
			proxyType = 1;
			remoteGlobalIDString = 59245F752C5051D50022E676;
			remoteInfo = WireSystemObjectiveC;
		};
/* End PBXContainerItemProxy section */

/* Begin PBXFileReference section */
		59245F762C5051D50022E676 /* WireSystemObjectiveC.framework */ = {isa = PBXFileReference; explicitFileType = wrapper.framework; includeInIndex = 0; path = WireSystemObjectiveC.framework; sourceTree = BUILT_PRODUCTS_DIR; };
		59245F792C5051D50022E676 /* WireSystemObjectiveC.h */ = {isa = PBXFileReference; lastKnownFileType = sourcecode.c.h; path = WireSystemObjectiveC.h; sourceTree = "<group>"; };
		59245F7A2C5051D50022E676 /* WireSystemObjectiveC.docc */ = {isa = PBXFileReference; lastKnownFileType = folder.documentationcatalog; path = WireSystemObjectiveC.docc; sourceTree = "<group>"; };
		59245F802C5051D50022E676 /* WireSystemObjectiveCTests.xctest */ = {isa = PBXFileReference; explicitFileType = wrapper.cfbundle; includeInIndex = 0; path = WireSystemObjectiveCTests.xctest; sourceTree = BUILT_PRODUCTS_DIR; };
		59245F852C5051D50022E676 /* WireSystemObjectiveCTests.m */ = {isa = PBXFileReference; lastKnownFileType = sourcecode.c.objc; path = WireSystemObjectiveCTests.m; sourceTree = "<group>"; };
/* End PBXFileReference section */

/* Begin PBXFrameworksBuildPhase section */
		59245F732C5051D50022E676 /* Frameworks */ = {
			isa = PBXFrameworksBuildPhase;
			buildActionMask = 2147483647;
			files = (
			);
			runOnlyForDeploymentPostprocessing = 0;
		};
		59245F7D2C5051D50022E676 /* Frameworks */ = {
			isa = PBXFrameworksBuildPhase;
			buildActionMask = 2147483647;
			files = (
				59245F812C5051D50022E676 /* WireSystemObjectiveC.framework in Frameworks */,
			);
			runOnlyForDeploymentPostprocessing = 0;
		};
/* End PBXFrameworksBuildPhase section */

/* Begin PBXGroup section */
		59245F6C2C5051D50022E676 = {
			isa = PBXGroup;
			children = (
				59245F782C5051D50022E676 /* WireSystemObjectiveC */,
				59245F842C5051D50022E676 /* WireSystemObjectiveCTests */,
				59245F772C5051D50022E676 /* Products */,
			);
			sourceTree = "<group>";
		};
		59245F772C5051D50022E676 /* Products */ = {
			isa = PBXGroup;
			children = (
				59245F762C5051D50022E676 /* WireSystemObjectiveC.framework */,
				59245F802C5051D50022E676 /* WireSystemObjectiveCTests.xctest */,
			);
			name = Products;
			sourceTree = "<group>";
		};
		59245F782C5051D50022E676 /* WireSystemObjectiveC */ = {
			isa = PBXGroup;
			children = (
				59245F792C5051D50022E676 /* WireSystemObjectiveC.h */,
				59245F7A2C5051D50022E676 /* WireSystemObjectiveC.docc */,
			);
			path = WireSystemObjectiveC;
			sourceTree = "<group>";
		};
		59245F842C5051D50022E676 /* WireSystemObjectiveCTests */ = {
			isa = PBXGroup;
			children = (
				59245F852C5051D50022E676 /* WireSystemObjectiveCTests.m */,
			);
			path = WireSystemObjectiveCTests;
			sourceTree = "<group>";
		};
/* End PBXGroup section */

/* Begin PBXHeadersBuildPhase section */
		59245F712C5051D50022E676 /* Headers */ = {
			isa = PBXHeadersBuildPhase;
			buildActionMask = 2147483647;
			files = (
				59245F872C5051D50022E676 /* WireSystemObjectiveC.h in Headers */,
			);
			runOnlyForDeploymentPostprocessing = 0;
		};
/* End PBXHeadersBuildPhase section */

/* Begin PBXNativeTarget section */
		59245F752C5051D50022E676 /* WireSystemObjectiveC */ = {
			isa = PBXNativeTarget;
			buildConfigurationList = 59245F8A2C5051D50022E676 /* Build configuration list for PBXNativeTarget "WireSystemObjectiveC" */;
			buildPhases = (
				59245F712C5051D50022E676 /* Headers */,
				59245F722C5051D50022E676 /* Sources */,
				59245F732C5051D50022E676 /* Frameworks */,
				59245F742C5051D50022E676 /* Resources */,
			);
			buildRules = (
			);
			dependencies = (
			);
			name = WireSystemObjectiveC;
			productName = WireSystemObjectiveC;
			productReference = 59245F762C5051D50022E676 /* WireSystemObjectiveC.framework */;
			productType = "com.apple.product-type.framework";
		};
		59245F7F2C5051D50022E676 /* WireSystemObjectiveCTests */ = {
			isa = PBXNativeTarget;
			buildConfigurationList = 59245F8D2C5051D50022E676 /* Build configuration list for PBXNativeTarget "WireSystemObjectiveCTests" */;
			buildPhases = (
				59245F7C2C5051D50022E676 /* Sources */,
				59245F7D2C5051D50022E676 /* Frameworks */,
				59245F7E2C5051D50022E676 /* Resources */,
			);
			buildRules = (
			);
			dependencies = (
				59245F832C5051D50022E676 /* PBXTargetDependency */,
			);
			name = WireSystemObjectiveCTests;
			productName = WireSystemObjectiveCTests;
			productReference = 59245F802C5051D50022E676 /* WireSystemObjectiveCTests.xctest */;
			productType = "com.apple.product-type.bundle.unit-test";
		};
/* End PBXNativeTarget section */

/* Begin PBXProject section */
		59245F6D2C5051D50022E676 /* Project object */ = {
			isa = PBXProject;
			attributes = {
				BuildIndependentTargetsInParallel = 1;
				LastUpgradeCheck = 1540;
				TargetAttributes = {
					59245F752C5051D50022E676 = {
						CreatedOnToolsVersion = 15.4;
					};
					59245F7F2C5051D50022E676 = {
						CreatedOnToolsVersion = 15.4;
					};
				};
			};
			buildConfigurationList = 59245F702C5051D50022E676 /* Build configuration list for PBXProject "WireSystemObjectiveC" */;
			compatibilityVersion = "Xcode 14.0";
			developmentRegion = en;
			hasScannedForEncodings = 0;
			knownRegions = (
				en,
				Base,
			);
			mainGroup = 59245F6C2C5051D50022E676;
			productRefGroup = 59245F772C5051D50022E676 /* Products */;
			projectDirPath = "";
			projectRoot = "";
			targets = (
				59245F752C5051D50022E676 /* WireSystemObjectiveC */,
				59245F7F2C5051D50022E676 /* WireSystemObjectiveCTests */,
			);
		};
/* End PBXProject section */

/* Begin PBXResourcesBuildPhase section */
		59245F742C5051D50022E676 /* Resources */ = {
			isa = PBXResourcesBuildPhase;
			buildActionMask = 2147483647;
			files = (
			);
			runOnlyForDeploymentPostprocessing = 0;
		};
		59245F7E2C5051D50022E676 /* Resources */ = {
			isa = PBXResourcesBuildPhase;
			buildActionMask = 2147483647;
			files = (
			);
			runOnlyForDeploymentPostprocessing = 0;
		};
/* End PBXResourcesBuildPhase section */

/* Begin PBXSourcesBuildPhase section */
		59245F722C5051D50022E676 /* Sources */ = {
			isa = PBXSourcesBuildPhase;
			buildActionMask = 2147483647;
			files = (
				59245F7B2C5051D50022E676 /* WireSystemObjectiveC.docc in Sources */,
			);
			runOnlyForDeploymentPostprocessing = 0;
		};
		59245F7C2C5051D50022E676 /* Sources */ = {
			isa = PBXSourcesBuildPhase;
			buildActionMask = 2147483647;
			files = (
				59245F862C5051D50022E676 /* WireSystemObjectiveCTests.m in Sources */,
			);
			runOnlyForDeploymentPostprocessing = 0;
		};
/* End PBXSourcesBuildPhase section */

/* Begin PBXTargetDependency section */
		59245F832C5051D50022E676 /* PBXTargetDependency */ = {
			isa = PBXTargetDependency;
			target = 59245F752C5051D50022E676 /* WireSystemObjectiveC */;
			targetProxy = 59245F822C5051D50022E676 /* PBXContainerItemProxy */;
		};
/* End PBXTargetDependency section */

/* Begin XCBuildConfiguration section */
		59245F882C5051D50022E676 /* Debug */ = {
			isa = XCBuildConfiguration;
			buildSettings = {
				ALWAYS_SEARCH_USER_PATHS = NO;
				ASSETCATALOG_COMPILER_GENERATE_SWIFT_ASSET_SYMBOL_EXTENSIONS = YES;
				CLANG_ANALYZER_NONNULL = YES;
				CLANG_ANALYZER_NUMBER_OBJECT_CONVERSION = YES_AGGRESSIVE;
				CLANG_CXX_LANGUAGE_STANDARD = "gnu++20";
				CLANG_ENABLE_MODULES = YES;
				CLANG_ENABLE_OBJC_ARC = YES;
				CLANG_ENABLE_OBJC_WEAK = YES;
				CLANG_WARN_BLOCK_CAPTURE_AUTORELEASING = YES;
				CLANG_WARN_BOOL_CONVERSION = YES;
				CLANG_WARN_COMMA = YES;
				CLANG_WARN_CONSTANT_CONVERSION = YES;
				CLANG_WARN_DEPRECATED_OBJC_IMPLEMENTATIONS = YES;
				CLANG_WARN_DIRECT_OBJC_ISA_USAGE = YES_ERROR;
				CLANG_WARN_DOCUMENTATION_COMMENTS = YES;
				CLANG_WARN_EMPTY_BODY = YES;
				CLANG_WARN_ENUM_CONVERSION = YES;
				CLANG_WARN_INFINITE_RECURSION = YES;
				CLANG_WARN_INT_CONVERSION = YES;
				CLANG_WARN_NON_LITERAL_NULL_CONVERSION = YES;
				CLANG_WARN_OBJC_IMPLICIT_RETAIN_SELF = YES;
				CLANG_WARN_OBJC_LITERAL_CONVERSION = YES;
				CLANG_WARN_OBJC_ROOT_CLASS = YES_ERROR;
				CLANG_WARN_QUOTED_INCLUDE_IN_FRAMEWORK_HEADER = YES;
				CLANG_WARN_RANGE_LOOP_ANALYSIS = YES;
				CLANG_WARN_STRICT_PROTOTYPES = YES;
				CLANG_WARN_SUSPICIOUS_MOVE = YES;
				CLANG_WARN_UNGUARDED_AVAILABILITY = YES_AGGRESSIVE;
				CLANG_WARN_UNREACHABLE_CODE = YES;
				CLANG_WARN__DUPLICATE_METHOD_MATCH = YES;
				COPY_PHASE_STRIP = NO;
				CURRENT_PROJECT_VERSION = 1;
				DEBUG_INFORMATION_FORMAT = dwarf;
				ENABLE_STRICT_OBJC_MSGSEND = YES;
				ENABLE_TESTABILITY = YES;
				ENABLE_USER_SCRIPT_SANDBOXING = YES;
				GCC_C_LANGUAGE_STANDARD = gnu17;
				GCC_DYNAMIC_NO_PIC = NO;
				GCC_NO_COMMON_BLOCKS = YES;
				GCC_OPTIMIZATION_LEVEL = 0;
				GCC_PREPROCESSOR_DEFINITIONS = (
					"DEBUG=1",
					"$(inherited)",
				);
				GCC_WARN_64_TO_32_BIT_CONVERSION = YES;
				GCC_WARN_ABOUT_RETURN_TYPE = YES_ERROR;
				GCC_WARN_UNDECLARED_SELECTOR = YES;
				GCC_WARN_UNINITIALIZED_AUTOS = YES_AGGRESSIVE;
				GCC_WARN_UNUSED_FUNCTION = YES;
				GCC_WARN_UNUSED_VARIABLE = YES;
				IPHONEOS_DEPLOYMENT_TARGET = 15.0;
				LOCALIZATION_PREFERS_STRING_CATALOGS = YES;
				MTL_ENABLE_DEBUG_INFO = INCLUDE_SOURCE;
				MTL_FAST_MATH = YES;
				ONLY_ACTIVE_ARCH = YES;
				SDKROOT = iphoneos;
				VERSIONING_SYSTEM = "apple-generic";
				VERSION_INFO_PREFIX = "";
			};
			name = Debug;
		};
		59245F892C5051D50022E676 /* Release */ = {
			isa = XCBuildConfiguration;
			buildSettings = {
				ALWAYS_SEARCH_USER_PATHS = NO;
				ASSETCATALOG_COMPILER_GENERATE_SWIFT_ASSET_SYMBOL_EXTENSIONS = YES;
				CLANG_ANALYZER_NONNULL = YES;
				CLANG_ANALYZER_NUMBER_OBJECT_CONVERSION = YES_AGGRESSIVE;
				CLANG_CXX_LANGUAGE_STANDARD = "gnu++20";
				CLANG_ENABLE_MODULES = YES;
				CLANG_ENABLE_OBJC_ARC = YES;
				CLANG_ENABLE_OBJC_WEAK = YES;
				CLANG_WARN_BLOCK_CAPTURE_AUTORELEASING = YES;
				CLANG_WARN_BOOL_CONVERSION = YES;
				CLANG_WARN_COMMA = YES;
				CLANG_WARN_CONSTANT_CONVERSION = YES;
				CLANG_WARN_DEPRECATED_OBJC_IMPLEMENTATIONS = YES;
				CLANG_WARN_DIRECT_OBJC_ISA_USAGE = YES_ERROR;
				CLANG_WARN_DOCUMENTATION_COMMENTS = YES;
				CLANG_WARN_EMPTY_BODY = YES;
				CLANG_WARN_ENUM_CONVERSION = YES;
				CLANG_WARN_INFINITE_RECURSION = YES;
				CLANG_WARN_INT_CONVERSION = YES;
				CLANG_WARN_NON_LITERAL_NULL_CONVERSION = YES;
				CLANG_WARN_OBJC_IMPLICIT_RETAIN_SELF = YES;
				CLANG_WARN_OBJC_LITERAL_CONVERSION = YES;
				CLANG_WARN_OBJC_ROOT_CLASS = YES_ERROR;
				CLANG_WARN_QUOTED_INCLUDE_IN_FRAMEWORK_HEADER = YES;
				CLANG_WARN_RANGE_LOOP_ANALYSIS = YES;
				CLANG_WARN_STRICT_PROTOTYPES = YES;
				CLANG_WARN_SUSPICIOUS_MOVE = YES;
				CLANG_WARN_UNGUARDED_AVAILABILITY = YES_AGGRESSIVE;
				CLANG_WARN_UNREACHABLE_CODE = YES;
				CLANG_WARN__DUPLICATE_METHOD_MATCH = YES;
				COPY_PHASE_STRIP = NO;
				CURRENT_PROJECT_VERSION = 1;
				DEBUG_INFORMATION_FORMAT = "dwarf-with-dsym";
				ENABLE_NS_ASSERTIONS = NO;
				ENABLE_STRICT_OBJC_MSGSEND = YES;
				ENABLE_USER_SCRIPT_SANDBOXING = YES;
				GCC_C_LANGUAGE_STANDARD = gnu17;
				GCC_NO_COMMON_BLOCKS = YES;
				GCC_WARN_64_TO_32_BIT_CONVERSION = YES;
				GCC_WARN_ABOUT_RETURN_TYPE = YES_ERROR;
				GCC_WARN_UNDECLARED_SELECTOR = YES;
				GCC_WARN_UNINITIALIZED_AUTOS = YES_AGGRESSIVE;
				GCC_WARN_UNUSED_FUNCTION = YES;
				GCC_WARN_UNUSED_VARIABLE = YES;
				IPHONEOS_DEPLOYMENT_TARGET = 15.0;
				LOCALIZATION_PREFERS_STRING_CATALOGS = YES;
				MTL_ENABLE_DEBUG_INFO = NO;
				MTL_FAST_MATH = YES;
				SDKROOT = iphoneos;
				VALIDATE_PRODUCT = YES;
				VERSIONING_SYSTEM = "apple-generic";
				VERSION_INFO_PREFIX = "";
			};
			name = Release;
		};
		59245F8B2C5051D50022E676 /* Debug */ = {
			isa = XCBuildConfiguration;
			buildSettings = {
				CODE_SIGN_STYLE = Automatic;
				CURRENT_PROJECT_VERSION = 1;
				DEFINES_MODULE = YES;
				DYLIB_COMPATIBILITY_VERSION = 1;
				DYLIB_CURRENT_VERSION = 1;
				DYLIB_INSTALL_NAME_BASE = "@rpath";
				ENABLE_MODULE_VERIFIER = YES;
				GENERATE_INFOPLIST_FILE = YES;
				INFOPLIST_KEY_NSHumanReadableCopyright = "";
				INSTALL_PATH = "$(LOCAL_LIBRARY_DIR)/Frameworks";
				LD_RUNPATH_SEARCH_PATHS = (
					"$(inherited)",
					"@executable_path/Frameworks",
					"@loader_path/Frameworks",
				);
				MARKETING_VERSION = 1.0;
				MODULE_VERIFIER_SUPPORTED_LANGUAGES = "objective-c objective-c++";
				MODULE_VERIFIER_SUPPORTED_LANGUAGE_STANDARDS = "gnu17 gnu++20";
				PRODUCT_BUNDLE_IDENTIFIER = com.wire.WireSystemObjectiveC;
				PRODUCT_NAME = "$(TARGET_NAME:c99extidentifier)";
				SKIP_INSTALL = YES;
				SWIFT_EMIT_LOC_STRINGS = YES;
				TARGETED_DEVICE_FAMILY = "1,2";
			};
			name = Debug;
		};
		59245F8C2C5051D50022E676 /* Release */ = {
			isa = XCBuildConfiguration;
			buildSettings = {
				CODE_SIGN_STYLE = Automatic;
				CURRENT_PROJECT_VERSION = 1;
				DEFINES_MODULE = YES;
				DYLIB_COMPATIBILITY_VERSION = 1;
				DYLIB_CURRENT_VERSION = 1;
				DYLIB_INSTALL_NAME_BASE = "@rpath";
				ENABLE_MODULE_VERIFIER = YES;
				GENERATE_INFOPLIST_FILE = YES;
				INFOPLIST_KEY_NSHumanReadableCopyright = "";
				INSTALL_PATH = "$(LOCAL_LIBRARY_DIR)/Frameworks";
				LD_RUNPATH_SEARCH_PATHS = (
					"$(inherited)",
					"@executable_path/Frameworks",
					"@loader_path/Frameworks",
				);
				MARKETING_VERSION = 1.0;
				MODULE_VERIFIER_SUPPORTED_LANGUAGES = "objective-c objective-c++";
				MODULE_VERIFIER_SUPPORTED_LANGUAGE_STANDARDS = "gnu17 gnu++20";
				PRODUCT_BUNDLE_IDENTIFIER = com.wire.WireSystemObjectiveC;
				PRODUCT_NAME = "$(TARGET_NAME:c99extidentifier)";
				SKIP_INSTALL = YES;
				SWIFT_EMIT_LOC_STRINGS = YES;
				TARGETED_DEVICE_FAMILY = "1,2";
			};
			name = Release;
		};
		59245F8E2C5051D50022E676 /* Debug */ = {
			isa = XCBuildConfiguration;
			buildSettings = {
				CODE_SIGN_STYLE = Automatic;
				CURRENT_PROJECT_VERSION = 1;
				GENERATE_INFOPLIST_FILE = YES;
				MARKETING_VERSION = 1.0;
				PRODUCT_BUNDLE_IDENTIFIER = com.wire.WireSystemObjectiveCTests;
				PRODUCT_NAME = "$(TARGET_NAME)";
				SWIFT_EMIT_LOC_STRINGS = NO;
				TARGETED_DEVICE_FAMILY = "1,2";
			};
			name = Debug;
		};
		59245F8F2C5051D50022E676 /* Release */ = {
			isa = XCBuildConfiguration;
			buildSettings = {
				CODE_SIGN_STYLE = Automatic;
				CURRENT_PROJECT_VERSION = 1;
				GENERATE_INFOPLIST_FILE = YES;
				MARKETING_VERSION = 1.0;
				PRODUCT_BUNDLE_IDENTIFIER = com.wire.WireSystemObjectiveCTests;
				PRODUCT_NAME = "$(TARGET_NAME)";
				SWIFT_EMIT_LOC_STRINGS = NO;
				TARGETED_DEVICE_FAMILY = "1,2";
			};
			name = Release;
		};
/* End XCBuildConfiguration section */

/* Begin XCConfigurationList section */
		59245F702C5051D50022E676 /* Build configuration list for PBXProject "WireSystemObjectiveC" */ = {
			isa = XCConfigurationList;
			buildConfigurations = (
				59245F882C5051D50022E676 /* Debug */,
				59245F892C5051D50022E676 /* Release */,
			);
			defaultConfigurationIsVisible = 0;
			defaultConfigurationName = Release;
		};
		59245F8A2C5051D50022E676 /* Build configuration list for PBXNativeTarget "WireSystemObjectiveC" */ = {
			isa = XCConfigurationList;
			buildConfigurations = (
				59245F8B2C5051D50022E676 /* Debug */,
				59245F8C2C5051D50022E676 /* Release */,
			);
			defaultConfigurationIsVisible = 0;
			defaultConfigurationName = Release;
		};
		59245F8D2C5051D50022E676 /* Build configuration list for PBXNativeTarget "WireSystemObjectiveCTests" */ = {
			isa = XCConfigurationList;
			buildConfigurations = (
				59245F8E2C5051D50022E676 /* Debug */,
				59245F8F2C5051D50022E676 /* Release */,
			);
			defaultConfigurationIsVisible = 0;
			defaultConfigurationName = Release;
		};
/* End XCConfigurationList section */
	};
	rootObject = 59245F6D2C5051D50022E676 /* Project object */;
}
