// !$*UTF8*$!
{
	archiveVersion = 1;
	classes = {
	};
	objectVersion = 46;
	objects = {

/* Begin PBXBuildFile section */
		165EA0DE1DB67C6C008ECC60 /* Canvas.swift in Sources */ = {isa = PBXBuildFile; fileRef = 165EA0DD1DB67C6C008ECC60 /* Canvas.swift */; };
		1660DC661DBF8516009E360D /* UIImage+Trimmed.swift in Sources */ = {isa = PBXBuildFile; fileRef = 1660DC651DBF8516009E360D /* UIImage+Trimmed.swift */; };
		16CB8A311DBA5B7300B5BC47 /* Stroke.swift in Sources */ = {isa = PBXBuildFile; fileRef = 16CB8A301DBA5B7300B5BC47 /* Stroke.swift */; };
		16CB8A331DBA5BB800B5BC47 /* Image.swift in Sources */ = {isa = PBXBuildFile; fileRef = 16CB8A321DBA5BB800B5BC47 /* Image.swift */; };
		EE9AEC9C2BD15A0C00F7853F /* WireCanvas.docc in Sources */ = {isa = PBXBuildFile; fileRef = EE9AEC9B2BD15A0C00F7853F /* WireCanvas.docc */; };
/* End PBXBuildFile section */

/* Begin PBXFileReference section */
		01E8EC332BB7D186002A5A91 /* AllTests.xctestplan */ = {isa = PBXFileReference; lastKnownFileType = text; path = AllTests.xctestplan; sourceTree = "<group>"; };
		165EA0C31DB67C3B008ECC60 /* WireCanvas.framework */ = {isa = PBXFileReference; explicitFileType = wrapper.framework; includeInIndex = 0; path = WireCanvas.framework; sourceTree = BUILT_PRODUCTS_DIR; };
		165EA0C71DB67C3B008ECC60 /* Info.plist */ = {isa = PBXFileReference; lastKnownFileType = text.plist.xml; path = Info.plist; sourceTree = "<group>"; };
		165EA0DD1DB67C6C008ECC60 /* Canvas.swift */ = {isa = PBXFileReference; fileEncoding = 4; lastKnownFileType = sourcecode.swift; path = Canvas.swift; sourceTree = "<group>"; };
		1660DC651DBF8516009E360D /* UIImage+Trimmed.swift */ = {isa = PBXFileReference; fileEncoding = 4; lastKnownFileType = sourcecode.swift; path = "UIImage+Trimmed.swift"; sourceTree = "<group>"; };
		16CB8A301DBA5B7300B5BC47 /* Stroke.swift */ = {isa = PBXFileReference; fileEncoding = 4; lastKnownFileType = sourcecode.swift; path = Stroke.swift; sourceTree = "<group>"; };
		16CB8A321DBA5BB800B5BC47 /* Image.swift */ = {isa = PBXFileReference; fileEncoding = 4; lastKnownFileType = sourcecode.swift; path = Image.swift; sourceTree = "<group>"; };
		16CB8A371DBA73B900B5BC47 /* WireCanvas.xcconfig */ = {isa = PBXFileReference; fileEncoding = 4; lastKnownFileType = text.xcconfig; path = WireCanvas.xcconfig; sourceTree = "<group>"; };
		16CB8A381DBA73B900B5BC47 /* version.xcconfig */ = {isa = PBXFileReference; fileEncoding = 4; lastKnownFileType = text.xcconfig; path = version.xcconfig; sourceTree = "<group>"; };
		16CB8A3A1DBA73B900B5BC47 /* ios-test-host.xcconfig */ = {isa = PBXFileReference; fileEncoding = 4; lastKnownFileType = text.xcconfig; path = "ios-test-host.xcconfig"; sourceTree = "<group>"; };
		16CB8A3B1DBA73B900B5BC47 /* ios-test-target.xcconfig */ = {isa = PBXFileReference; fileEncoding = 4; lastKnownFileType = text.xcconfig; path = "ios-test-target.xcconfig"; sourceTree = "<group>"; };
		16CB8A3C1DBA73B900B5BC47 /* ios.xcconfig */ = {isa = PBXFileReference; fileEncoding = 4; lastKnownFileType = text.xcconfig; path = ios.xcconfig; sourceTree = "<group>"; };
		16CB8A3F1DBA73B900B5BC47 /* project-common.xcconfig */ = {isa = PBXFileReference; fileEncoding = 4; lastKnownFileType = text.xcconfig; path = "project-common.xcconfig"; sourceTree = "<group>"; };
		16CB8A401DBA73B900B5BC47 /* project-debug.xcconfig */ = {isa = PBXFileReference; fileEncoding = 4; lastKnownFileType = text.xcconfig; path = "project-debug.xcconfig"; sourceTree = "<group>"; };
		16CB8A411DBA73B900B5BC47 /* project.xcconfig */ = {isa = PBXFileReference; fileEncoding = 4; lastKnownFileType = text.xcconfig; path = project.xcconfig; sourceTree = "<group>"; };
		16CB8A441DBA73B900B5BC47 /* tests.xcconfig */ = {isa = PBXFileReference; fileEncoding = 4; lastKnownFileType = text.xcconfig; path = tests.xcconfig; sourceTree = "<group>"; };
		16CB8A461DBA73B900B5BC47 /* warnings.xcconfig */ = {isa = PBXFileReference; fileEncoding = 4; lastKnownFileType = text.xcconfig; path = warnings.xcconfig; sourceTree = "<group>"; };
		EE9AEC9B2BD15A0C00F7853F /* WireCanvas.docc */ = {isa = PBXFileReference; lastKnownFileType = folder.documentationcatalog; path = WireCanvas.docc; sourceTree = "<group>"; };
/* End PBXFileReference section */

/* Begin PBXFrameworksBuildPhase section */
		165EA0BF1DB67C3B008ECC60 /* Frameworks */ = {
			isa = PBXFrameworksBuildPhase;
			buildActionMask = 2147483647;
			files = (
			);
			runOnlyForDeploymentPostprocessing = 0;
		};
/* End PBXFrameworksBuildPhase section */

/* Begin PBXGroup section */
		165EA0B91DB67C3B008ECC60 = {
			isa = PBXGroup;
			children = (
				EE9AEC9B2BD15A0C00F7853F /* WireCanvas.docc */,
				16CB8A341DBA73B900B5BC47 /* Resources */,
				165EA0C51DB67C3B008ECC60 /* Sources */,
				165EA0C41DB67C3B008ECC60 /* Products */,
				166390D71DC8E5EF00D7BF1C /* Frameworks */,
			);
			indentWidth = 4;
			sourceTree = "<group>";
			tabWidth = 4;
			usesTabs = 0;
			wrapsLines = 1;
		};
		165EA0C41DB67C3B008ECC60 /* Products */ = {
			isa = PBXGroup;
			children = (
				165EA0C31DB67C3B008ECC60 /* WireCanvas.framework */,
			);
			name = Products;
			sourceTree = "<group>";
		};
		165EA0C51DB67C3B008ECC60 /* Sources */ = {
			isa = PBXGroup;
			children = (
				165EA0DD1DB67C6C008ECC60 /* Canvas.swift */,
				16CB8A301DBA5B7300B5BC47 /* Stroke.swift */,
				16CB8A321DBA5BB800B5BC47 /* Image.swift */,
				1660DC651DBF8516009E360D /* UIImage+Trimmed.swift */,
				165EA0C71DB67C3B008ECC60 /* Info.plist */,
			);
			path = Sources;
			sourceTree = "<group>";
		};
		166390D71DC8E5EF00D7BF1C /* Frameworks */ = {
			isa = PBXGroup;
			children = (
			);
			name = Frameworks;
			sourceTree = "<group>";
		};
		16CB8A341DBA73B900B5BC47 /* Resources */ = {
			isa = PBXGroup;
			children = (
				16CB8A351DBA73B900B5BC47 /* Configurations */,
			);
			path = Resources;
			sourceTree = "<group>";
		};
		16CB8A351DBA73B900B5BC47 /* Configurations */ = {
			isa = PBXGroup;
			children = (
				16CB8A371DBA73B900B5BC47 /* WireCanvas.xcconfig */,
				16CB8A381DBA73B900B5BC47 /* version.xcconfig */,
				16CB8A391DBA73B900B5BC47 /* zmc-config */,
			);
			path = Configurations;
			sourceTree = "<group>";
		};
		16CB8A391DBA73B900B5BC47 /* zmc-config */ = {
			isa = PBXGroup;
			children = (
				16CB8A3A1DBA73B900B5BC47 /* ios-test-host.xcconfig */,
				16CB8A3B1DBA73B900B5BC47 /* ios-test-target.xcconfig */,
				16CB8A3C1DBA73B900B5BC47 /* ios.xcconfig */,
				16CB8A3F1DBA73B900B5BC47 /* project-common.xcconfig */,
				16CB8A401DBA73B900B5BC47 /* project-debug.xcconfig */,
				16CB8A411DBA73B900B5BC47 /* project.xcconfig */,
				16CB8A441DBA73B900B5BC47 /* tests.xcconfig */,
				16CB8A461DBA73B900B5BC47 /* warnings.xcconfig */,
			);
			path = "zmc-config";
			sourceTree = "<group>";
		};
/* End PBXGroup section */

/* Begin PBXHeadersBuildPhase section */
		165EA0C01DB67C3B008ECC60 /* Headers */ = {
			isa = PBXHeadersBuildPhase;
			buildActionMask = 2147483647;
			files = (
			);
			runOnlyForDeploymentPostprocessing = 0;
		};
/* End PBXHeadersBuildPhase section */

/* Begin PBXNativeTarget section */
		165EA0C21DB67C3B008ECC60 /* WireCanvas */ = {
			isa = PBXNativeTarget;
			buildConfigurationList = 165EA0D71DB67C3B008ECC60 /* Build configuration list for PBXNativeTarget "WireCanvas" */;
			buildPhases = (
				165EA0C01DB67C3B008ECC60 /* Headers */,
				165EA0BE1DB67C3B008ECC60 /* Sources */,
				165EA0BF1DB67C3B008ECC60 /* Frameworks */,
				165EA0C11DB67C3B008ECC60 /* Resources */,
			);
			buildRules = (
			);
			dependencies = (
			);
			name = WireCanvas;
			productName = Canvas;
			productReference = 165EA0C31DB67C3B008ECC60 /* WireCanvas.framework */;
			productType = "com.apple.product-type.framework";
		};
/* End PBXNativeTarget section */

/* Begin PBXProject section */
		165EA0BA1DB67C3B008ECC60 /* Project object */ = {
			isa = PBXProject;
			attributes = {
				LastSwiftUpdateCheck = 1320;
				LastUpgradeCheck = 1300;
				ORGANIZATIONNAME = "Wire GmbH";
				TargetAttributes = {
					165EA0C21DB67C3B008ECC60 = {
						CreatedOnToolsVersion = 8.0;
						LastSwiftMigration = 1000;
						ProvisioningStyle = Manual;
					};
				};
			};
			buildConfigurationList = 165EA0BD1DB67C3B008ECC60 /* Build configuration list for PBXProject "WireCanvas" */;
			compatibilityVersion = "Xcode 3.2";
			developmentRegion = en;
			hasScannedForEncodings = 0;
			knownRegions = (
				en,
				Base,
			);
			mainGroup = 165EA0B91DB67C3B008ECC60;
			productRefGroup = 165EA0C41DB67C3B008ECC60 /* Products */;
			projectDirPath = "";
			projectRoot = "";
			targets = (
				165EA0C21DB67C3B008ECC60 /* WireCanvas */,
			);
		};
/* End PBXProject section */

/* Begin PBXResourcesBuildPhase section */
		165EA0C11DB67C3B008ECC60 /* Resources */ = {
			isa = PBXResourcesBuildPhase;
			buildActionMask = 2147483647;
			files = (
			);
			runOnlyForDeploymentPostprocessing = 0;
		};
/* End PBXResourcesBuildPhase section */

/* Begin PBXSourcesBuildPhase section */
		165EA0BE1DB67C3B008ECC60 /* Sources */ = {
			isa = PBXSourcesBuildPhase;
			buildActionMask = 2147483647;
			files = (
				165EA0DE1DB67C6C008ECC60 /* Canvas.swift in Sources */,
				16CB8A331DBA5BB800B5BC47 /* Image.swift in Sources */,
				EE9AEC9C2BD15A0C00F7853F /* WireCanvas.docc in Sources */,
				1660DC661DBF8516009E360D /* UIImage+Trimmed.swift in Sources */,
				16CB8A311DBA5B7300B5BC47 /* Stroke.swift in Sources */,
			);
			runOnlyForDeploymentPostprocessing = 0;
		};
/* End PBXSourcesBuildPhase section */

/* Begin XCBuildConfiguration section */
		165EA0D51DB67C3B008ECC60 /* Debug */ = {
			isa = XCBuildConfiguration;
			baseConfigurationReference = 16CB8A401DBA73B900B5BC47 /* project-debug.xcconfig */;
			buildSettings = {
			};
			name = Debug;
		};
		165EA0D61DB67C3B008ECC60 /* Release */ = {
			isa = XCBuildConfiguration;
			baseConfigurationReference = 16CB8A411DBA73B900B5BC47 /* project.xcconfig */;
			buildSettings = {
			};
			name = Release;
		};
		165EA0D81DB67C3B008ECC60 /* Debug */ = {
			isa = XCBuildConfiguration;
			baseConfigurationReference = 16CB8A371DBA73B900B5BC47 /* WireCanvas.xcconfig */;
			buildSettings = {
				"ARCHS[sdk=iphonesimulator*]" = (
					x86_64,
					arm64,
				);
				INFOPLIST_FILE = Sources/Info.plist;
				ONLY_ACTIVE_ARCH = YES;
				PRODUCT_BUNDLE_IDENTIFIER = com.wire.Canvas;
				SKIP_INSTALL = YES;
			};
			name = Debug;
		};
		165EA0D91DB67C3B008ECC60 /* Release */ = {
			isa = XCBuildConfiguration;
			baseConfigurationReference = 16CB8A371DBA73B900B5BC47 /* WireCanvas.xcconfig */;
			buildSettings = {
				"ARCHS[sdk=iphonesimulator*]" = (
					x86_64,
					arm64,
				);
				INFOPLIST_FILE = Sources/Info.plist;
				PRODUCT_BUNDLE_IDENTIFIER = com.wire.Canvas;
				SKIP_INSTALL = YES;
			};
			name = Release;
		};
/* End XCBuildConfiguration section */

/* Begin XCConfigurationList section */
		165EA0BD1DB67C3B008ECC60 /* Build configuration list for PBXProject "WireCanvas" */ = {
			isa = XCConfigurationList;
			buildConfigurations = (
				165EA0D51DB67C3B008ECC60 /* Debug */,
				165EA0D61DB67C3B008ECC60 /* Release */,
			);
			defaultConfigurationIsVisible = 0;
			defaultConfigurationName = Release;
		};
		165EA0D71DB67C3B008ECC60 /* Build configuration list for PBXNativeTarget "WireCanvas" */ = {
			isa = XCConfigurationList;
			buildConfigurations = (
				165EA0D81DB67C3B008ECC60 /* Debug */,
				165EA0D91DB67C3B008ECC60 /* Release */,
			);
			defaultConfigurationIsVisible = 0;
			defaultConfigurationName = Release;
		};
/* End XCConfigurationList section */
	};
	rootObject = 165EA0BA1DB67C3B008ECC60 /* Project object */;
}
