// !$*UTF8*$!
{
	archiveVersion = 1;
	classes = {
	};
	objectVersion = 56;
	objects = {

/* Begin PBXBuildFile section */
		592C52452C5102E70098174E /* WireTemp.docc in Sources */ = {isa = PBXBuildFile; fileRef = 592C52442C5102E70098174E /* WireTemp.docc */; };
		592C524B2C5102E70098174E /* WireTemp.framework in Frameworks */ = {isa = PBXBuildFile; fileRef = 592C52402C5102E70098174E /* WireTemp.framework */; };
		592C52502C5102E70098174E /* WireTempTests.swift in Sources */ = {isa = PBXBuildFile; fileRef = 592C524F2C5102E70098174E /* WireTempTests.swift */; };
		592C52512C5102E70098174E /* WireTemp.h in Headers */ = {isa = PBXBuildFile; fileRef = 592C52432C5102E70098174E /* WireTemp.h */; settings = {ATTRIBUTES = (Public, ); }; };
		592C525C2C5102FE0098174E /* WireSystem in Frameworks */ = {isa = PBXBuildFile; productRef = 592C525B2C5102FE0098174E /* WireSystem */; };
		592C525D2C5102FE0098174E /* WireSystem in Embed Frameworks */ = {isa = PBXBuildFile; productRef = 592C525B2C5102FE0098174E /* WireSystem */; settings = {ATTRIBUTES = (CodeSignOnCopy, ); }; };
		592C525F2C5102FE0098174E /* WireSystemObjectiveC in Frameworks */ = {isa = PBXBuildFile; productRef = 592C525E2C5102FE0098174E /* WireSystemObjectiveC */; };
		592C52602C5102FE0098174E /* WireSystemObjectiveC in Embed Frameworks */ = {isa = PBXBuildFile; productRef = 592C525E2C5102FE0098174E /* WireSystemObjectiveC */; settings = {ATTRIBUTES = (CodeSignOnCopy, ); }; };
		592C52632C5104070098174E /* File.swift in Sources */ = {isa = PBXBuildFile; fileRef = 592C52622C5104070098174E /* File.swift */; };
		592C52662C5105F90098174E /* Something.h in Headers */ = {isa = PBXBuildFile; fileRef = 592C52642C5105F90098174E /* Something.h */; settings = {ATTRIBUTES = (Public, ); }; };
		592C52672C5105F90098174E /* Something.m in Sources */ = {isa = PBXBuildFile; fileRef = 592C52652C5105F90098174E /* Something.m */; };
/* End PBXBuildFile section */

/* Begin PBXContainerItemProxy section */
		592C524C2C5102E70098174E /* PBXContainerItemProxy */ = {
			isa = PBXContainerItemProxy;
			containerPortal = 592C52372C5102E70098174E /* Project object */;
			proxyType = 1;
			remoteGlobalIDString = 592C523F2C5102E70098174E;
			remoteInfo = WireTemp;
		};
/* End PBXContainerItemProxy section */

/* Begin PBXCopyFilesBuildPhase section */
		592C52612C5102FE0098174E /* Embed Frameworks */ = {
			isa = PBXCopyFilesBuildPhase;
			buildActionMask = 2147483647;
			dstPath = "";
			dstSubfolderSpec = 10;
			files = (
				592C52602C5102FE0098174E /* WireSystemObjectiveC in Embed Frameworks */,
				592C525D2C5102FE0098174E /* WireSystem in Embed Frameworks */,
			);
			name = "Embed Frameworks";
			runOnlyForDeploymentPostprocessing = 0;
		};
/* End PBXCopyFilesBuildPhase section */

/* Begin PBXFileReference section */
		592C52402C5102E70098174E /* WireTemp.framework */ = {isa = PBXFileReference; explicitFileType = wrapper.framework; includeInIndex = 0; path = WireTemp.framework; sourceTree = BUILT_PRODUCTS_DIR; };
		592C52432C5102E70098174E /* WireTemp.h */ = {isa = PBXFileReference; lastKnownFileType = sourcecode.c.h; path = WireTemp.h; sourceTree = "<group>"; };
		592C52442C5102E70098174E /* WireTemp.docc */ = {isa = PBXFileReference; lastKnownFileType = folder.documentationcatalog; path = WireTemp.docc; sourceTree = "<group>"; };
		592C524A2C5102E70098174E /* WireTempTests.xctest */ = {isa = PBXFileReference; explicitFileType = wrapper.cfbundle; includeInIndex = 0; path = WireTempTests.xctest; sourceTree = BUILT_PRODUCTS_DIR; };
		592C524F2C5102E70098174E /* WireTempTests.swift */ = {isa = PBXFileReference; lastKnownFileType = sourcecode.swift; path = WireTempTests.swift; sourceTree = "<group>"; };
		592C52622C5104070098174E /* File.swift */ = {isa = PBXFileReference; lastKnownFileType = sourcecode.swift; path = File.swift; sourceTree = "<group>"; };
		592C52642C5105F90098174E /* Something.h */ = {isa = PBXFileReference; lastKnownFileType = sourcecode.c.h; path = Something.h; sourceTree = "<group>"; };
		592C52652C5105F90098174E /* Something.m */ = {isa = PBXFileReference; lastKnownFileType = sourcecode.c.objc; path = Something.m; sourceTree = "<group>"; };
/* End PBXFileReference section */

/* Begin PBXFrameworksBuildPhase section */
		592C523D2C5102E70098174E /* Frameworks */ = {
			isa = PBXFrameworksBuildPhase;
			buildActionMask = 2147483647;
			files = (
				592C525F2C5102FE0098174E /* WireSystemObjectiveC in Frameworks */,
				592C525C2C5102FE0098174E /* WireSystem in Frameworks */,
			);
			runOnlyForDeploymentPostprocessing = 0;
		};
		592C52472C5102E70098174E /* Frameworks */ = {
			isa = PBXFrameworksBuildPhase;
			buildActionMask = 2147483647;
			files = (
				592C524B2C5102E70098174E /* WireTemp.framework in Frameworks */,
			);
			runOnlyForDeploymentPostprocessing = 0;
		};
/* End PBXFrameworksBuildPhase section */

/* Begin PBXGroup section */
		592C52362C5102E70098174E = {
			isa = PBXGroup;
			children = (
				592C52422C5102E70098174E /* WireTemp */,
				592C524E2C5102E70098174E /* WireTempTests */,
				592C52412C5102E70098174E /* Products */,
				592C525A2C5102FE0098174E /* Frameworks */,
			);
			sourceTree = "<group>";
		};
		592C52412C5102E70098174E /* Products */ = {
			isa = PBXGroup;
			children = (
				592C52402C5102E70098174E /* WireTemp.framework */,
				592C524A2C5102E70098174E /* WireTempTests.xctest */,
			);
			name = Products;
			sourceTree = "<group>";
		};
		592C52422C5102E70098174E /* WireTemp */ = {
			isa = PBXGroup;
			children = (
				592C52432C5102E70098174E /* WireTemp.h */,
				592C52442C5102E70098174E /* WireTemp.docc */,
				592C52622C5104070098174E /* File.swift */,
				592C52642C5105F90098174E /* Something.h */,
				592C52652C5105F90098174E /* Something.m */,
			);
			path = WireTemp;
			sourceTree = "<group>";
		};
		592C524E2C5102E70098174E /* WireTempTests */ = {
			isa = PBXGroup;
			children = (
				592C524F2C5102E70098174E /* WireTempTests.swift */,
			);
			path = WireTempTests;
			sourceTree = "<group>";
		};
		592C525A2C5102FE0098174E /* Frameworks */ = {
			isa = PBXGroup;
			children = (
			);
			name = Frameworks;
			sourceTree = "<group>";
		};
/* End PBXGroup section */

/* Begin PBXHeadersBuildPhase section */
		592C523B2C5102E70098174E /* Headers */ = {
			isa = PBXHeadersBuildPhase;
			buildActionMask = 2147483647;
			files = (
				592C52512C5102E70098174E /* WireTemp.h in Headers */,
				592C52662C5105F90098174E /* Something.h in Headers */,
			);
			runOnlyForDeploymentPostprocessing = 0;
		};
/* End PBXHeadersBuildPhase section */

/* Begin PBXNativeTarget section */
		592C523F2C5102E70098174E /* WireTemp */ = {
			isa = PBXNativeTarget;
			buildConfigurationList = 592C52542C5102E70098174E /* Build configuration list for PBXNativeTarget "WireTemp" */;
			buildPhases = (
				592C523B2C5102E70098174E /* Headers */,
				592C523C2C5102E70098174E /* Sources */,
				592C523D2C5102E70098174E /* Frameworks */,
				592C523E2C5102E70098174E /* Resources */,
				592C52612C5102FE0098174E /* Embed Frameworks */,
			);
			buildRules = (
			);
			dependencies = (
			);
			name = WireTemp;
			packageProductDependencies = (
				592C525B2C5102FE0098174E /* WireSystem */,
				592C525E2C5102FE0098174E /* WireSystemObjectiveC */,
			);
			productName = WireTemp;
			productReference = 592C52402C5102E70098174E /* WireTemp.framework */;
			productType = "com.apple.product-type.framework";
		};
		592C52492C5102E70098174E /* WireTempTests */ = {
			isa = PBXNativeTarget;
			buildConfigurationList = 592C52572C5102E70098174E /* Build configuration list for PBXNativeTarget "WireTempTests" */;
			buildPhases = (
				592C52462C5102E70098174E /* Sources */,
				592C52472C5102E70098174E /* Frameworks */,
				592C52482C5102E70098174E /* Resources */,
			);
			buildRules = (
			);
			dependencies = (
				592C524D2C5102E70098174E /* PBXTargetDependency */,
			);
			name = WireTempTests;
			productName = WireTempTests;
			productReference = 592C524A2C5102E70098174E /* WireTempTests.xctest */;
			productType = "com.apple.product-type.bundle.unit-test";
		};
/* End PBXNativeTarget section */

/* Begin PBXProject section */
		592C52372C5102E70098174E /* Project object */ = {
			isa = PBXProject;
			attributes = {
				BuildIndependentTargetsInParallel = 1;
				LastSwiftUpdateCheck = 1540;
				LastUpgradeCheck = 1540;
				TargetAttributes = {
					592C523F2C5102E70098174E = {
						CreatedOnToolsVersion = 15.4;
						LastSwiftMigration = 1540;
					};
					592C52492C5102E70098174E = {
						CreatedOnToolsVersion = 15.4;
					};
				};
			};
			buildConfigurationList = 592C523A2C5102E70098174E /* Build configuration list for PBXProject "WireTemp" */;
			compatibilityVersion = "Xcode 14.0";
			developmentRegion = en;
			hasScannedForEncodings = 0;
			knownRegions = (
				en,
				Base,
			);
			mainGroup = 592C52362C5102E70098174E;
			productRefGroup = 592C52412C5102E70098174E /* Products */;
			projectDirPath = "";
			projectRoot = "";
			targets = (
				592C523F2C5102E70098174E /* WireTemp */,
				592C52492C5102E70098174E /* WireTempTests */,
			);
		};
/* End PBXProject section */

/* Begin PBXResourcesBuildPhase section */
		592C523E2C5102E70098174E /* Resources */ = {
			isa = PBXResourcesBuildPhase;
			buildActionMask = 2147483647;
			files = (
			);
			runOnlyForDeploymentPostprocessing = 0;
		};
		592C52482C5102E70098174E /* Resources */ = {
			isa = PBXResourcesBuildPhase;
			buildActionMask = 2147483647;
			files = (
			);
			runOnlyForDeploymentPostprocessing = 0;
		};
/* End PBXResourcesBuildPhase section */

/* Begin PBXSourcesBuildPhase section */
		592C523C2C5102E70098174E /* Sources */ = {
			isa = PBXSourcesBuildPhase;
			buildActionMask = 2147483647;
			files = (
				592C52672C5105F90098174E /* Something.m in Sources */,
				592C52452C5102E70098174E /* WireTemp.docc in Sources */,
				592C52632C5104070098174E /* File.swift in Sources */,
			);
			runOnlyForDeploymentPostprocessing = 0;
		};
		592C52462C5102E70098174E /* Sources */ = {
			isa = PBXSourcesBuildPhase;
			buildActionMask = 2147483647;
			files = (
				592C52502C5102E70098174E /* WireTempTests.swift in Sources */,
			);
			runOnlyForDeploymentPostprocessing = 0;
		};
/* End PBXSourcesBuildPhase section */

/* Begin PBXTargetDependency section */
		592C524D2C5102E70098174E /* PBXTargetDependency */ = {
			isa = PBXTargetDependency;
			target = 592C523F2C5102E70098174E /* WireTemp */;
			targetProxy = 592C524C2C5102E70098174E /* PBXContainerItemProxy */;
		};
/* End PBXTargetDependency section */

/* Begin XCBuildConfiguration section */
		592C52522C5102E70098174E /* Debug */ = {
			isa = XCBuildConfiguration;
			buildSettings = {
				ALWAYS_SEARCH_USER_PATHS = NO;
				ASSETCATALOG_COMPILER_GENERATE_SWIFT_ASSET_SYMBOL_EXTENSIONS = YES;
				CLANG_ANALYZER_NONNULL = YES;
				CLANG_ANALYZER_NUMBER_OBJECT_CONVERSION = YES_AGGRESSIVE;
				CLANG_CXX_LANGUAGE_STANDARD = "gnu++20";
				CLANG_ENABLE_MODULES = YES;
				CLANG_ENABLE_OBJC_ARC = YES;
				CLANG_ENABLE_OBJC_WEAK = YES;
				CLANG_WARN_BLOCK_CAPTURE_AUTORELEASING = YES;
				CLANG_WARN_BOOL_CONVERSION = YES;
				CLANG_WARN_COMMA = YES;
				CLANG_WARN_CONSTANT_CONVERSION = YES;
				CLANG_WARN_DEPRECATED_OBJC_IMPLEMENTATIONS = YES;
				CLANG_WARN_DIRECT_OBJC_ISA_USAGE = YES_ERROR;
				CLANG_WARN_DOCUMENTATION_COMMENTS = YES;
				CLANG_WARN_EMPTY_BODY = YES;
				CLANG_WARN_ENUM_CONVERSION = YES;
				CLANG_WARN_INFINITE_RECURSION = YES;
				CLANG_WARN_INT_CONVERSION = YES;
				CLANG_WARN_NON_LITERAL_NULL_CONVERSION = YES;
				CLANG_WARN_OBJC_IMPLICIT_RETAIN_SELF = YES;
				CLANG_WARN_OBJC_LITERAL_CONVERSION = YES;
				CLANG_WARN_OBJC_ROOT_CLASS = YES_ERROR;
				CLANG_WARN_QUOTED_INCLUDE_IN_FRAMEWORK_HEADER = YES;
				CLANG_WARN_RANGE_LOOP_ANALYSIS = YES;
				CLANG_WARN_STRICT_PROTOTYPES = YES;
				CLANG_WARN_SUSPICIOUS_MOVE = YES;
				CLANG_WARN_UNGUARDED_AVAILABILITY = YES_AGGRESSIVE;
				CLANG_WARN_UNREACHABLE_CODE = YES;
				CLANG_WARN__DUPLICATE_METHOD_MATCH = YES;
				COPY_PHASE_STRIP = NO;
				CURRENT_PROJECT_VERSION = 1;
				DEBUG_INFORMATION_FORMAT = dwarf;
				ENABLE_STRICT_OBJC_MSGSEND = YES;
				ENABLE_TESTABILITY = YES;
				ENABLE_USER_SCRIPT_SANDBOXING = YES;
				GCC_C_LANGUAGE_STANDARD = gnu17;
				GCC_DYNAMIC_NO_PIC = NO;
				GCC_NO_COMMON_BLOCKS = YES;
				GCC_OPTIMIZATION_LEVEL = 0;
				GCC_PREPROCESSOR_DEFINITIONS = (
					"DEBUG=1",
					"$(inherited)",
				);
				GCC_WARN_64_TO_32_BIT_CONVERSION = YES;
				GCC_WARN_ABOUT_RETURN_TYPE = YES_ERROR;
				GCC_WARN_UNDECLARED_SELECTOR = YES;
				GCC_WARN_UNINITIALIZED_AUTOS = YES_AGGRESSIVE;
				GCC_WARN_UNUSED_FUNCTION = YES;
				GCC_WARN_UNUSED_VARIABLE = YES;
				IPHONEOS_DEPLOYMENT_TARGET = 17.5;
				LOCALIZATION_PREFERS_STRING_CATALOGS = YES;
				MTL_ENABLE_DEBUG_INFO = INCLUDE_SOURCE;
				MTL_FAST_MATH = YES;
				ONLY_ACTIVE_ARCH = YES;
				SDKROOT = iphoneos;
				SWIFT_ACTIVE_COMPILATION_CONDITIONS = "DEBUG $(inherited)";
				SWIFT_OPTIMIZATION_LEVEL = "-Onone";
				VERSIONING_SYSTEM = "apple-generic";
				VERSION_INFO_PREFIX = "";
			};
			name = Debug;
		};
		592C52532C5102E70098174E /* Release */ = {
			isa = XCBuildConfiguration;
			buildSettings = {
				ALWAYS_SEARCH_USER_PATHS = NO;
				ASSETCATALOG_COMPILER_GENERATE_SWIFT_ASSET_SYMBOL_EXTENSIONS = YES;
				CLANG_ANALYZER_NONNULL = YES;
				CLANG_ANALYZER_NUMBER_OBJECT_CONVERSION = YES_AGGRESSIVE;
				CLANG_CXX_LANGUAGE_STANDARD = "gnu++20";
				CLANG_ENABLE_MODULES = YES;
				CLANG_ENABLE_OBJC_ARC = YES;
				CLANG_ENABLE_OBJC_WEAK = YES;
				CLANG_WARN_BLOCK_CAPTURE_AUTORELEASING = YES;
				CLANG_WARN_BOOL_CONVERSION = YES;
				CLANG_WARN_COMMA = YES;
				CLANG_WARN_CONSTANT_CONVERSION = YES;
				CLANG_WARN_DEPRECATED_OBJC_IMPLEMENTATIONS = YES;
				CLANG_WARN_DIRECT_OBJC_ISA_USAGE = YES_ERROR;
				CLANG_WARN_DOCUMENTATION_COMMENTS = YES;
				CLANG_WARN_EMPTY_BODY = YES;
				CLANG_WARN_ENUM_CONVERSION = YES;
				CLANG_WARN_INFINITE_RECURSION = YES;
				CLANG_WARN_INT_CONVERSION = YES;
				CLANG_WARN_NON_LITERAL_NULL_CONVERSION = YES;
				CLANG_WARN_OBJC_IMPLICIT_RETAIN_SELF = YES;
				CLANG_WARN_OBJC_LITERAL_CONVERSION = YES;
				CLANG_WARN_OBJC_ROOT_CLASS = YES_ERROR;
				CLANG_WARN_QUOTED_INCLUDE_IN_FRAMEWORK_HEADER = YES;
				CLANG_WARN_RANGE_LOOP_ANALYSIS = YES;
				CLANG_WARN_STRICT_PROTOTYPES = YES;
				CLANG_WARN_SUSPICIOUS_MOVE = YES;
				CLANG_WARN_UNGUARDED_AVAILABILITY = YES_AGGRESSIVE;
				CLANG_WARN_UNREACHABLE_CODE = YES;
				CLANG_WARN__DUPLICATE_METHOD_MATCH = YES;
				COPY_PHASE_STRIP = NO;
				CURRENT_PROJECT_VERSION = 1;
				DEBUG_INFORMATION_FORMAT = "dwarf-with-dsym";
				ENABLE_NS_ASSERTIONS = NO;
				ENABLE_STRICT_OBJC_MSGSEND = YES;
				ENABLE_USER_SCRIPT_SANDBOXING = YES;
				GCC_C_LANGUAGE_STANDARD = gnu17;
				GCC_NO_COMMON_BLOCKS = YES;
				GCC_WARN_64_TO_32_BIT_CONVERSION = YES;
				GCC_WARN_ABOUT_RETURN_TYPE = YES_ERROR;
				GCC_WARN_UNDECLARED_SELECTOR = YES;
				GCC_WARN_UNINITIALIZED_AUTOS = YES_AGGRESSIVE;
				GCC_WARN_UNUSED_FUNCTION = YES;
				GCC_WARN_UNUSED_VARIABLE = YES;
				IPHONEOS_DEPLOYMENT_TARGET = 17.5;
				LOCALIZATION_PREFERS_STRING_CATALOGS = YES;
				MTL_ENABLE_DEBUG_INFO = NO;
				MTL_FAST_MATH = YES;
				SDKROOT = iphoneos;
				SWIFT_COMPILATION_MODE = wholemodule;
				VALIDATE_PRODUCT = YES;
				VERSIONING_SYSTEM = "apple-generic";
				VERSION_INFO_PREFIX = "";
			};
			name = Release;
		};
		592C52552C5102E70098174E /* Debug */ = {
			isa = XCBuildConfiguration;
			buildSettings = {
				CLANG_ENABLE_MODULES = YES;
				CODE_SIGN_STYLE = Automatic;
				CURRENT_PROJECT_VERSION = 1;
				DEFINES_MODULE = YES;
				DYLIB_COMPATIBILITY_VERSION = 1;
				DYLIB_CURRENT_VERSION = 1;
				DYLIB_INSTALL_NAME_BASE = "@rpath";
				ENABLE_MODULE_VERIFIER = YES;
				GENERATE_INFOPLIST_FILE = YES;
				INFOPLIST_KEY_NSHumanReadableCopyright = "";
				INSTALL_PATH = "$(LOCAL_LIBRARY_DIR)/Frameworks";
				LD_RUNPATH_SEARCH_PATHS = (
					"$(inherited)",
					"@executable_path/Frameworks",
					"@loader_path/Frameworks",
				);
				MARKETING_VERSION = 1.0;
				MODULE_VERIFIER_SUPPORTED_LANGUAGES = "objective-c objective-c++";
				MODULE_VERIFIER_SUPPORTED_LANGUAGE_STANDARDS = "gnu17 gnu++20";
				PRODUCT_BUNDLE_IDENTIFIER = com.wire.WireTemp;
				PRODUCT_NAME = "$(TARGET_NAME:c99extidentifier)";
				SKIP_INSTALL = YES;
				SWIFT_EMIT_LOC_STRINGS = YES;
				SWIFT_INSTALL_OBJC_HEADER = NO;
				SWIFT_OPTIMIZATION_LEVEL = "-Onone";
				SWIFT_VERSION = 5.0;
				TARGETED_DEVICE_FAMILY = "1,2";
			};
			name = Debug;
		};
		592C52562C5102E70098174E /* Release */ = {
			isa = XCBuildConfiguration;
			buildSettings = {
				CLANG_ENABLE_MODULES = YES;
				CODE_SIGN_STYLE = Automatic;
				CURRENT_PROJECT_VERSION = 1;
				DEFINES_MODULE = YES;
				DYLIB_COMPATIBILITY_VERSION = 1;
				DYLIB_CURRENT_VERSION = 1;
				DYLIB_INSTALL_NAME_BASE = "@rpath";
				ENABLE_MODULE_VERIFIER = YES;
				GENERATE_INFOPLIST_FILE = YES;
				INFOPLIST_KEY_NSHumanReadableCopyright = "";
				INSTALL_PATH = "$(LOCAL_LIBRARY_DIR)/Frameworks";
				LD_RUNPATH_SEARCH_PATHS = (
					"$(inherited)",
					"@executable_path/Frameworks",
					"@loader_path/Frameworks",
				);
				MARKETING_VERSION = 1.0;
				MODULE_VERIFIER_SUPPORTED_LANGUAGES = "objective-c objective-c++";
				MODULE_VERIFIER_SUPPORTED_LANGUAGE_STANDARDS = "gnu17 gnu++20";
				PRODUCT_BUNDLE_IDENTIFIER = com.wire.WireTemp;
				PRODUCT_NAME = "$(TARGET_NAME:c99extidentifier)";
				SKIP_INSTALL = YES;
				SWIFT_EMIT_LOC_STRINGS = YES;
				SWIFT_INSTALL_OBJC_HEADER = NO;
				SWIFT_VERSION = 5.0;
				TARGETED_DEVICE_FAMILY = "1,2";
			};
			name = Release;
		};
		592C52582C5102E70098174E /* Debug */ = {
			isa = XCBuildConfiguration;
			buildSettings = {
				ALWAYS_EMBED_SWIFT_STANDARD_LIBRARIES = YES;
				CODE_SIGN_STYLE = Automatic;
				CURRENT_PROJECT_VERSION = 1;
				GENERATE_INFOPLIST_FILE = YES;
				MARKETING_VERSION = 1.0;
				PRODUCT_BUNDLE_IDENTIFIER = com.wire.WireTempTests;
				PRODUCT_NAME = "$(TARGET_NAME)";
				SWIFT_EMIT_LOC_STRINGS = NO;
				SWIFT_VERSION = 5.0;
				TARGETED_DEVICE_FAMILY = "1,2";
			};
			name = Debug;
		};
		592C52592C5102E70098174E /* Release */ = {
			isa = XCBuildConfiguration;
			buildSettings = {
				ALWAYS_EMBED_SWIFT_STANDARD_LIBRARIES = YES;
				CODE_SIGN_STYLE = Automatic;
				CURRENT_PROJECT_VERSION = 1;
				GENERATE_INFOPLIST_FILE = YES;
				MARKETING_VERSION = 1.0;
				PRODUCT_BUNDLE_IDENTIFIER = com.wire.WireTempTests;
				PRODUCT_NAME = "$(TARGET_NAME)";
				SWIFT_EMIT_LOC_STRINGS = NO;
				SWIFT_VERSION = 5.0;
				TARGETED_DEVICE_FAMILY = "1,2";
			};
			name = Release;
		};
/* End XCBuildConfiguration section */

/* Begin XCConfigurationList section */
		592C523A2C5102E70098174E /* Build configuration list for PBXProject "WireTemp" */ = {
			isa = XCConfigurationList;
			buildConfigurations = (
				592C52522C5102E70098174E /* Debug */,
				592C52532C5102E70098174E /* Release */,
			);
			defaultConfigurationIsVisible = 0;
			defaultConfigurationName = Release;
		};
		592C52542C5102E70098174E /* Build configuration list for PBXNativeTarget "WireTemp" */ = {
			isa = XCConfigurationList;
			buildConfigurations = (
				592C52552C5102E70098174E /* Debug */,
				592C52562C5102E70098174E /* Release */,
			);
			defaultConfigurationIsVisible = 0;
			defaultConfigurationName = Release;
		};
		592C52572C5102E70098174E /* Build configuration list for PBXNativeTarget "WireTempTests" */ = {
			isa = XCConfigurationList;
			buildConfigurations = (
				592C52582C5102E70098174E /* Debug */,
				592C52592C5102E70098174E /* Release */,
			);
			defaultConfigurationIsVisible = 0;
			defaultConfigurationName = Release;
		};
/* End XCConfigurationList section */

/* Begin XCSwiftPackageProductDependency section */
		592C525B2C5102FE0098174E /* WireSystem */ = {
			isa = XCSwiftPackageProductDependency;
			productName = WireSystem;
		};
		592C525E2C5102FE0098174E /* WireSystemObjectiveC */ = {
			isa = XCSwiftPackageProductDependency;
			productName = WireSystemObjectiveC;
		};
/* End XCSwiftPackageProductDependency section */
	};
	rootObject = 592C52372C5102E70098174E /* Project object */;
}
