{
  "object": {
    "pins": [
      {
        "package": "DifferenceKit",
        "repositoryURL": "https://github.com/wireapp/DifferenceKit/",
        "state": {
          "branch": null,
          "revision": "eaf29c583df322d1d7c4c72c46a59eeb33bb54bf",
          "version": "1.3.0"
        }
      },
      {
        "package": "Inject",
        "repositoryURL": "https://github.com/krzysztofzablocki/Inject",
        "state": {
          "branch": null,
          "revision": "2057eb9819813b89fd2107e99608d2d20890d9c5",
          "version": "1.2.4"
        }
      },
      {
        "package": "swift-snapshot-testing",
        "repositoryURL": "https://github.com/pointfreeco/swift-snapshot-testing",
        "state": {
          "branch": null,
          "revision": "dc46eeb3928a75390651fac6c1ef7f93ad59a73b",
          "version": "1.11.1"
        }
      }
    ]
  },
  "version": 1
}
