// !$*UTF8*$!
{
	archiveVersion = 1;
	classes = {
	};
	objectVersion = 71;
	objects = {

/* Begin PBXBuildFile section */
		591B6E842C8B0A2B009F8A7B /* OCMock.xcframework in Frameworks */ = {isa = PBXBuildFile; fileRef = EE67F6AE296F0510001D7C88 /* OCMock.xcframework */; };
		591B6E872C8B0A2F009F8A7B /* WireTesting.framework in Frameworks */ = {isa = PBXBuildFile; fileRef = 096AD7BB1B68D41D00E007A8 /* WireTesting.framework */; };
		EE49A5572954850800406C4F /* WireSystem.framework in Frameworks */ = {isa = PBXBuildFile; fileRef = EE49A5562954850800406C4F /* WireSystem.framework */; };
		EE9AEC862BD1589E00F7853F /* WireTesting.docc in Sources */ = {isa = PBXBuildFile; fileRef = EE9AEC852BD1589E00F7853F /* WireTesting.docc */; };
/* End PBXBuildFile section */

/* Begin PBXContainerItemProxy section */
		096AD7C81B68D41D00E007A8 /* PBXContainerItemProxy */ = {
			isa = PBXContainerItemProxy;
			containerPortal = 096AD7B21B68D41D00E007A8 /* Project object */;
			proxyType = 1;
			remoteGlobalIDString = 096AD7BA1B68D41D00E007A8;
			remoteInfo = ZMTesting;
		};
/* End PBXContainerItemProxy section */

/* Begin PBXFileReference section */
		096AD7BB1B68D41D00E007A8 /* WireTesting.framework */ = {isa = PBXFileReference; explicitFileType = wrapper.framework; includeInIndex = 0; path = WireTesting.framework; sourceTree = BUILT_PRODUCTS_DIR; };
		096AD7C61B68D41D00E007A8 /* WireTesting-Tests.xctest */ = {isa = PBXFileReference; explicitFileType = wrapper.cfbundle; includeInIndex = 0; path = "WireTesting-Tests.xctest"; sourceTree = BUILT_PRODUCTS_DIR; };
		EE49A5562954850800406C4F /* WireSystem.framework */ = {isa = PBXFileReference; explicitFileType = wrapper.framework; path = WireSystem.framework; sourceTree = BUILT_PRODUCTS_DIR; };
		EE67F6AE296F0510001D7C88 /* OCMock.xcframework */ = {isa = PBXFileReference; lastKnownFileType = wrapper.xcframework; name = OCMock.xcframework; path = ../Carthage/Build/OCMock.xcframework; sourceTree = "<group>"; };
		EE9AEC852BD1589E00F7853F /* WireTesting.docc */ = {isa = PBXFileReference; lastKnownFileType = folder.documentationcatalog; path = WireTesting.docc; sourceTree = "<group>"; };
/* End PBXFileReference section */

/* Begin PBXFileSystemSynchronizedBuildFileExceptionSet section */
		5930F4B82D43C7D9009E3514 /* PBXFileSystemSynchronizedBuildFileExceptionSet */ = {
			isa = PBXFileSystemSynchronizedBuildFileExceptionSet;
			publicHeaders = (
				"Public/Mock Data Model/ZMMockEntity.h",
				"Public/Mock Data Model/ZMMockEntity2.h",
				"Public/NSOperationQueue+WireTesting.h",
				"Public/NSUUID+WireTesting.h",
				Public/WireTesting.h,
				"Public/XCTestCase+Helpers.h",
				Public/ZMMockManagedObjectContextFactory.h,
				Public/ZMTAsserts.h,
				Public/ZMTBaseTest.h,
				Public/ZMTFailureRecorder.h,
				Public/ZMTImageComparator.h,
			);
			target = 096AD7BA1B68D41D00E007A8 /* WireTesting */;
		};
		595F61DA2D43CC0700E5ECBE /* PBXFileSystemSynchronizedBuildFileExceptionSet */ = {
			isa = PBXFileSystemSynchronizedBuildFileExceptionSet;
			membershipExceptions = (
				WireTestingTests.m,
				ZMTExpectationTests.swift,
				ZMTTestBaseTests.swift,
			);
			target = 096AD7C51B68D41D00E007A8 /* WireTesting-Tests */;
		};
		595F61F32D43CC5400E5ECBE /* PBXFileSystemSynchronizedBuildFileExceptionSet */ = {
			isa = PBXFileSystemSynchronizedBuildFileExceptionSet;
			membershipExceptions = (
				1900x1500.jpg,
				animated.gif,
				large.jpg,
				"Lorem Ipsum.txt",
				medium.jpg,
				not_animated.gif,
				tiny.jpg,
			);
			target = 096AD7BA1B68D41D00E007A8 /* WireTesting */;
		};
/* End PBXFileSystemSynchronizedBuildFileExceptionSet section */

/* Begin PBXFileSystemSynchronizedRootGroup section */
		5930F4952D43C7D9009E3514 /* Source */ = {isa = PBXFileSystemSynchronizedRootGroup; exceptions = (5930F4B82D43C7D9009E3514 /* PBXFileSystemSynchronizedBuildFileExceptionSet */, ); explicitFileTypes = {}; explicitFolders = (); path = Source; sourceTree = "<group>"; };
		595F61D62D43CC0700E5ECBE /* Tests */ = {isa = PBXFileSystemSynchronizedRootGroup; exceptions = (595F61DA2D43CC0700E5ECBE /* PBXFileSystemSynchronizedBuildFileExceptionSet */, ); explicitFileTypes = {}; explicitFolders = (); path = Tests; sourceTree = "<group>"; };
		595F61EB2D43CC5400E5ECBE /* Resources */ = {isa = PBXFileSystemSynchronizedRootGroup; exceptions = (595F61F32D43CC5400E5ECBE /* PBXFileSystemSynchronizedBuildFileExceptionSet */, ); explicitFileTypes = {}; explicitFolders = (); path = Resources; sourceTree = "<group>"; };
/* End PBXFileSystemSynchronizedRootGroup section */

/* Begin PBXFrameworksBuildPhase section */
		096AD7B71B68D41D00E007A8 /* Frameworks */ = {
			isa = PBXFrameworksBuildPhase;
			buildActionMask = 2147483647;
			files = (
				EE49A5572954850800406C4F /* WireSystem.framework in Frameworks */,
				591B6E842C8B0A2B009F8A7B /* OCMock.xcframework in Frameworks */,
			);
			runOnlyForDeploymentPostprocessing = 0;
		};
		096AD7C31B68D41D00E007A8 /* Frameworks */ = {
			isa = PBXFrameworksBuildPhase;
			buildActionMask = 2147483647;
			files = (
				591B6E872C8B0A2F009F8A7B /* WireTesting.framework in Frameworks */,
			);
			runOnlyForDeploymentPostprocessing = 0;
		};
/* End PBXFrameworksBuildPhase section */

/* Begin PBXGroup section */
		096AD7B11B68D41D00E007A8 = {
			isa = PBXGroup;
			children = (
				EE9AEC852BD1589E00F7853F /* WireTesting.docc */,
				595F61EB2D43CC5400E5ECBE /* Resources */,
				5930F4952D43C7D9009E3514 /* Source */,
				595F61D62D43CC0700E5ECBE /* Tests */,
				096AD7EC1B68D8DF00E007A8 /* Frameworks */,
				096AD7BC1B68D41D00E007A8 /* Products */,
			);
			indentWidth = 4;
			sourceTree = "<group>";
			tabWidth = 4;
			usesTabs = 0;
			wrapsLines = 1;
		};
		096AD7BC1B68D41D00E007A8 /* Products */ = {
			isa = PBXGroup;
			children = (
				096AD7BB1B68D41D00E007A8 /* WireTesting.framework */,
				096AD7C61B68D41D00E007A8 /* WireTesting-Tests.xctest */,
			);
			name = Products;
			sourceTree = "<group>";
		};
		096AD7EC1B68D8DF00E007A8 /* Frameworks */ = {
			isa = PBXGroup;
			children = (
				EE49A5562954850800406C4F /* WireSystem.framework */,
				EE67F6AE296F0510001D7C88 /* OCMock.xcframework */,
			);
			name = Frameworks;
			sourceTree = "<group>";
		};
/* End PBXGroup section */

/* Begin PBXHeadersBuildPhase section */
		096AD7B81B68D41D00E007A8 /* Headers */ = {
			isa = PBXHeadersBuildPhase;
			buildActionMask = 2147483647;
			files = (
			);
			runOnlyForDeploymentPostprocessing = 0;
		};
/* End PBXHeadersBuildPhase section */

/* Begin PBXNativeTarget section */
		096AD7BA1B68D41D00E007A8 /* WireTesting */ = {
			isa = PBXNativeTarget;
			buildConfigurationList = 096AD7D11B68D41D00E007A8 /* Build configuration list for PBXNativeTarget "WireTesting" */;
			buildPhases = (
				096AD7B81B68D41D00E007A8 /* Headers */,
				096AD7B61B68D41D00E007A8 /* Sources */,
				096AD7B71B68D41D00E007A8 /* Frameworks */,
				096AD7B91B68D41D00E007A8 /* Resources */,
			);
			buildRules = (
			);
			dependencies = (
			);
			fileSystemSynchronizedGroups = (
				5930F4952D43C7D9009E3514 /* Source */,
			);
			name = WireTesting;
			productName = ZMTesting;
			productReference = 096AD7BB1B68D41D00E007A8 /* WireTesting.framework */;
			productType = "com.apple.product-type.framework";
		};
		096AD7C51B68D41D00E007A8 /* WireTesting-Tests */ = {
			isa = PBXNativeTarget;
			buildConfigurationList = 096AD7D41B68D41D00E007A8 /* Build configuration list for PBXNativeTarget "WireTesting-Tests" */;
			buildPhases = (
				096AD7C21B68D41D00E007A8 /* Sources */,
				096AD7C31B68D41D00E007A8 /* Frameworks */,
				096AD7C41B68D41D00E007A8 /* Resources */,
			);
			buildRules = (
			);
			dependencies = (
				096AD7C91B68D41D00E007A8 /* PBXTargetDependency */,
			);
			name = "WireTesting-Tests";
			productName = ZMTestingTests;
			productReference = 096AD7C61B68D41D00E007A8 /* WireTesting-Tests.xctest */;
			productType = "com.apple.product-type.bundle.unit-test";
		};
/* End PBXNativeTarget section */

/* Begin PBXProject section */
		096AD7B21B68D41D00E007A8 /* Project object */ = {
			isa = PBXProject;
			attributes = {
				LastSwiftMigration = 0710;
				LastSwiftUpdateCheck = 0710;
				LastUpgradeCheck = 1240;
				ORGANIZATIONNAME = Wire;
				TargetAttributes = {
					096AD7BA1B68D41D00E007A8 = {
						CreatedOnToolsVersion = 6.4;
						LastSwiftMigration = 1000;
					};
					096AD7C51B68D41D00E007A8 = {
						CreatedOnToolsVersion = 6.4;
						LastSwiftMigration = 1000;
					};
				};
			};
			buildConfigurationList = 096AD7B51B68D41D00E007A8 /* Build configuration list for PBXProject "WireTesting" */;
			compatibilityVersion = "Xcode 3.2";
			developmentRegion = en;
			hasScannedForEncodings = 0;
			knownRegions = (
				en,
				Base,
			);
			mainGroup = 096AD7B11B68D41D00E007A8;
			productRefGroup = 096AD7BC1B68D41D00E007A8 /* Products */;
			projectDirPath = "";
			projectRoot = "";
			targets = (
				096AD7BA1B68D41D00E007A8 /* WireTesting */,
				096AD7C51B68D41D00E007A8 /* WireTesting-Tests */,
			);
		};
/* End PBXProject section */

/* Begin PBXResourcesBuildPhase section */
		096AD7B91B68D41D00E007A8 /* Resources */ = {
			isa = PBXResourcesBuildPhase;
			buildActionMask = 2147483647;
			files = (
			);
			runOnlyForDeploymentPostprocessing = 0;
		};
		096AD7C41B68D41D00E007A8 /* Resources */ = {
			isa = PBXResourcesBuildPhase;
			buildActionMask = 2147483647;
			files = (
			);
			runOnlyForDeploymentPostprocessing = 0;
		};
/* End PBXResourcesBuildPhase section */

/* Begin PBXSourcesBuildPhase section */
		096AD7B61B68D41D00E007A8 /* Sources */ = {
			isa = PBXSourcesBuildPhase;
			buildActionMask = 2147483647;
			files = (
				EE9AEC862BD1589E00F7853F /* WireTesting.docc in Sources */,
			);
			runOnlyForDeploymentPostprocessing = 0;
		};
		096AD7C21B68D41D00E007A8 /* Sources */ = {
			isa = PBXSourcesBuildPhase;
			buildActionMask = 2147483647;
			files = (
			);
			runOnlyForDeploymentPostprocessing = 0;
		};
/* End PBXSourcesBuildPhase section */

/* Begin PBXTargetDependency section */
		096AD7C91B68D41D00E007A8 /* PBXTargetDependency */ = {
			isa = PBXTargetDependency;
			target = 096AD7BA1B68D41D00E007A8 /* WireTesting */;
			targetProxy = 096AD7C81B68D41D00E007A8 /* PBXContainerItemProxy */;
		};
/* End PBXTargetDependency section */

/* Begin XCBuildConfiguration section */
		096AD7CF1B68D41D00E007A8 /* Debug */ = {
			isa = XCBuildConfiguration;
			baseConfigurationReferenceAnchor = 595F61EB2D43CC5400E5ECBE /* Resources */;
			baseConfigurationReferenceRelativePath = "Configurations/zmc-config/project-debug.xcconfig";
			buildSettings = {
				CLANG_ANALYZER_LOCALIZABILITY_NONLOCALIZED = YES;
				ONLY_ACTIVE_ARCH = YES;
				SDKROOT = iphoneos;
			};
			name = Debug;
		};
		096AD7D01B68D41D00E007A8 /* Release */ = {
			isa = XCBuildConfiguration;
			baseConfigurationReferenceAnchor = 595F61EB2D43CC5400E5ECBE /* Resources */;
			baseConfigurationReferenceRelativePath = "Configurations/zmc-config/project.xcconfig";
			buildSettings = {
				CLANG_ANALYZER_LOCALIZABILITY_NONLOCALIZED = YES;
				SDKROOT = iphoneos;
			};
			name = Release;
		};
		096AD7D21B68D41D00E007A8 /* Debug */ = {
			isa = XCBuildConfiguration;
			baseConfigurationReferenceAnchor = 595F61EB2D43CC5400E5ECBE /* Resources */;
			baseConfigurationReferenceRelativePath = Configurations/WireTesting.xcconfig;
			buildSettings = {
				CODE_SIGN_STYLE = Manual;
				DEVELOPMENT_TEAM = "";
				ENABLE_TESTING_SEARCH_PATHS = YES;
				GENERATE_INFOPLIST_FILE = YES;
				MARKETING_VERSION = 1.0;
				PRODUCT_BUNDLE_IDENTIFIER = "com.wire.$(PRODUCT_NAME:rfc1034identifier)";
				PROVISIONING_PROFILE_SPECIFIER = "";
				"PROVISIONING_PROFILE_SPECIFIER[sdk=macosx*]" = "";
				SKIP_INSTALL = YES;
			};
			name = Debug;
		};
		096AD7D31B68D41D00E007A8 /* Release */ = {
			isa = XCBuildConfiguration;
			baseConfigurationReferenceAnchor = 595F61EB2D43CC5400E5ECBE /* Resources */;
			baseConfigurationReferenceRelativePath = Configurations/WireTesting.xcconfig;
			buildSettings = {
				CODE_SIGN_STYLE = Manual;
				DEVELOPMENT_TEAM = "";
				ENABLE_TESTING_SEARCH_PATHS = YES;
				GENERATE_INFOPLIST_FILE = YES;
				MARKETING_VERSION = 1.0;
				PRODUCT_BUNDLE_IDENTIFIER = "com.wire.$(PRODUCT_NAME:rfc1034identifier)";
				PROVISIONING_PROFILE_SPECIFIER = "";
				"PROVISIONING_PROFILE_SPECIFIER[sdk=macosx*]" = "";
				SKIP_INSTALL = YES;
			};
			name = Release;
		};
		096AD7D51B68D41D00E007A8 /* Debug */ = {
			isa = XCBuildConfiguration;
			baseConfigurationReferenceAnchor = 595F61EB2D43CC5400E5ECBE /* Resources */;
			baseConfigurationReferenceRelativePath = "Configurations/zmc-config/test-target.xcconfig";
			buildSettings = {
				GENERATE_INFOPLIST_FILE = YES;
				PRODUCT_BUNDLE_IDENTIFIER = "com.wire.$(PRODUCT_NAME:rfc1034identifier)";
				PRODUCT_NAME = "$(TARGET_NAME)";
				SWIFT_OBJC_BRIDGING_HEADER = "Tests/WireTesting-iosTests-Bridging-Header.h";
				VALIDATE_WORKSPACE = YES;
			};
			name = Debug;
		};
		096AD7D61B68D41D00E007A8 /* Release */ = {
			isa = XCBuildConfiguration;
			baseConfigurationReferenceAnchor = 595F61EB2D43CC5400E5ECBE /* Resources */;
			baseConfigurationReferenceRelativePath = "Configurations/zmc-config/test-target.xcconfig";
			buildSettings = {
				GENERATE_INFOPLIST_FILE = YES;
				PRODUCT_BUNDLE_IDENTIFIER = "com.wire.$(PRODUCT_NAME:rfc1034identifier)";
				PRODUCT_NAME = "$(TARGET_NAME)";
				SWIFT_OBJC_BRIDGING_HEADER = "Tests/WireTesting-iosTests-Bridging-Header.h";
				VALIDATE_WORKSPACE = YES;
			};
			name = Release;
		};
/* End XCBuildConfiguration section */

/* Begin XCConfigurationList section */
		096AD7B51B68D41D00E007A8 /* Build configuration list for PBXProject "WireTesting" */ = {
			isa = XCConfigurationList;
			buildConfigurations = (
				096AD7CF1B68D41D00E007A8 /* Debug */,
				096AD7D01B68D41D00E007A8 /* Release */,
			);
			defaultConfigurationIsVisible = 0;
			defaultConfigurationName = Release;
		};
		096AD7D11B68D41D00E007A8 /* Build configuration list for PBXNativeTarget "WireTesting" */ = {
			isa = XCConfigurationList;
			buildConfigurations = (
				096AD7D21B68D41D00E007A8 /* Debug */,
				096AD7D31B68D41D00E007A8 /* Release */,
			);
			defaultConfigurationIsVisible = 0;
			defaultConfigurationName = Release;
		};
		096AD7D41B68D41D00E007A8 /* Build configuration list for PBXNativeTarget "WireTesting-Tests" */ = {
			isa = XCConfigurationList;
			buildConfigurations = (
				096AD7D51B68D41D00E007A8 /* Debug */,
				096AD7D61B68D41D00E007A8 /* Release */,
			);
			defaultConfigurationIsVisible = 0;
			defaultConfigurationName = Release;
		};
/* End XCConfigurationList section */
	};
	rootObject = 096AD7B21B68D41D00E007A8 /* Project object */;
}
