// !$*UTF8*$!
{
	archiveVersion = 1;
	classes = {
	};
	objectVersion = 71;
	objects = {

/* Begin PBXBuildFile section */
		DBF380651B15C0B800369FB7 /* Ziphy.framework in Frameworks */ = {isa = PBXBuildFile; fileRef = DBF380591B15C0B800369FB7 /* Ziphy.framework */; };
		EE9AEC9A2BD159F700F7853F /* Ziphy.docc in Sources */ = {isa = PBXBuildFile; fileRef = EE9AEC992BD159F700F7853F /* Ziphy.docc */; };
/* End PBXBuildFile section */

/* Begin PBXContainerItemProxy section */
		DBF380661B15C0B800369FB7 /* PBXContainerItemProxy */ = {
			isa = PBXContainerItemProxy;
			containerPortal = DBF380501B15C0B800369FB7 /* Project object */;
			proxyType = 1;
			remoteGlobalIDString = DBF380581B15C0B800369FB7;
			remoteInfo = ziphy;
		};
/* End PBXContainerItemProxy section */

/* Begin PBXFileReference section */
		DBF380591B15C0B800369FB7 /* Ziphy.framework */ = {isa = PBXFileReference; explicitFileType = wrapper.framework; includeInIndex = 0; path = Ziphy.framework; sourceTree = BUILT_PRODUCTS_DIR; };
		DBF380641B15C0B800369FB7 /* ZiphyTests.xctest */ = {isa = PBXFileReference; explicitFileType = wrapper.cfbundle; includeInIndex = 0; path = ZiphyTests.xctest; sourceTree = BUILT_PRODUCTS_DIR; };
		EE9AEC992BD159F700F7853F /* Ziphy.docc */ = {isa = PBXFileReference; lastKnownFileType = folder.documentationcatalog; path = Ziphy.docc; sourceTree = "<group>"; };
/* End PBXFileReference section */

/* Begin PBXFileSystemSynchronizedBuildFileExceptionSet section */
		594E28442D66113F00864BC1 /* PBXFileSystemSynchronizedBuildFileExceptionSet */ = {
			isa = PBXFileSystemSynchronizedBuildFileExceptionSet;
			membershipExceptions = (
				Info.plist,
			);
			target = DBF380581B15C0B800369FB7 /* Ziphy */;
		};
		594E28652D66114800864BC1 /* PBXFileSystemSynchronizedBuildFileExceptionSet */ = {
			isa = PBXFileSystemSynchronizedBuildFileExceptionSet;
			membershipExceptions = (
				Info.plist,
				TestPlans/AllTests.xctestplan,
			);
			target = DBF380631B15C0B800369FB7 /* ZiphyTests */;
		};
/* End PBXFileSystemSynchronizedBuildFileExceptionSet section */

/* Begin PBXFileSystemSynchronizedRootGroup section */
		594E28212D66113600864BC1 /* Resources */ = {isa = PBXFileSystemSynchronizedRootGroup; explicitFileTypes = {}; explicitFolders = (); path = Resources; sourceTree = "<group>"; };
		594E28342D66113F00864BC1 /* Sources */ = {isa = PBXFileSystemSynchronizedRootGroup; exceptions = (594E28442D66113F00864BC1 /* PBXFileSystemSynchronizedBuildFileExceptionSet */, ); explicitFileTypes = {}; explicitFolders = (); path = Sources; sourceTree = "<group>"; };
		594E28562D66114800864BC1 /* ZiphyTests */ = {isa = PBXFileSystemSynchronizedRootGroup; exceptions = (594E28652D66114800864BC1 /* PBXFileSystemSynchronizedBuildFileExceptionSet */, ); explicitFileTypes = {}; explicitFolders = (); path = ZiphyTests; sourceTree = "<group>"; };
/* End PBXFileSystemSynchronizedRootGroup section */

/* Begin PBXFrameworksBuildPhase section */
		DBF380551B15C0B800369FB7 /* Frameworks */ = {
			isa = PBXFrameworksBuildPhase;
			buildActionMask = 2147483647;
			files = (
			);
			runOnlyForDeploymentPostprocessing = 0;
		};
		DBF380611B15C0B800369FB7 /* Frameworks */ = {
			isa = PBXFrameworksBuildPhase;
			buildActionMask = 2147483647;
			files = (
				DBF380651B15C0B800369FB7 /* Ziphy.framework in Frameworks */,
			);
			runOnlyForDeploymentPostprocessing = 0;
		};
/* End PBXFrameworksBuildPhase section */

/* Begin PBXGroup section */
		DBF3804F1B15C0B800369FB7 = {
			isa = PBXGroup;
			children = (
				EE9AEC992BD159F700F7853F /* Ziphy.docc */,
				594E28212D66113600864BC1 /* Resources */,
				594E28342D66113F00864BC1 /* Sources */,
				594E28562D66114800864BC1 /* ZiphyTests */,
				DBF3805A1B15C0B800369FB7 /* Products */,
			);
			indentWidth = 4;
			sourceTree = "<group>";
			tabWidth = 4;
			usesTabs = 0;
			wrapsLines = 1;
		};
		DBF3805A1B15C0B800369FB7 /* Products */ = {
			isa = PBXGroup;
			children = (
				DBF380591B15C0B800369FB7 /* Ziphy.framework */,
				DBF380641B15C0B800369FB7 /* ZiphyTests.xctest */,
			);
			name = Products;
			sourceTree = "<group>";
		};
/* End PBXGroup section */

/* Begin PBXNativeTarget section */
		DBF380581B15C0B800369FB7 /* Ziphy */ = {
			isa = PBXNativeTarget;
			buildConfigurationList = DBF3806F1B15C0B800369FB7 /* Build configuration list for PBXNativeTarget "Ziphy" */;
			buildPhases = (
				DBF380541B15C0B800369FB7 /* Sources */,
				DBF380551B15C0B800369FB7 /* Frameworks */,
				DBF380571B15C0B800369FB7 /* Resources */,
			);
			buildRules = (
			);
			dependencies = (
			);
			fileSystemSynchronizedGroups = (
				594E28342D66113F00864BC1 /* Sources */,
			);
			name = Ziphy;
			productName = ziphy;
			productReference = DBF380591B15C0B800369FB7 /* Ziphy.framework */;
			productType = "com.apple.product-type.framework";
		};
		DBF380631B15C0B800369FB7 /* ZiphyTests */ = {
			isa = PBXNativeTarget;
			buildConfigurationList = DBF380721B15C0B800369FB7 /* Build configuration list for PBXNativeTarget "ZiphyTests" */;
			buildPhases = (
				DBF380601B15C0B800369FB7 /* Sources */,
				DBF380611B15C0B800369FB7 /* Frameworks */,
				DBF380621B15C0B800369FB7 /* Resources */,
			);
			buildRules = (
			);
			dependencies = (
				DBF380671B15C0B800369FB7 /* PBXTargetDependency */,
			);
			fileSystemSynchronizedGroups = (
				594E28562D66114800864BC1 /* ZiphyTests */,
			);
			name = ZiphyTests;
			productName = ziphyTests;
			productReference = DBF380641B15C0B800369FB7 /* ZiphyTests.xctest */;
			productType = "com.apple.product-type.bundle.unit-test";
		};
/* End PBXNativeTarget section */

/* Begin PBXProject section */
		DBF380501B15C0B800369FB7 /* Project object */ = {
			isa = PBXProject;
			attributes = {
				LastSwiftMigration = 0710;
				LastSwiftUpdateCheck = 0700;
				LastUpgradeCheck = 1130;
				ORGANIZATIONNAME = "Zeta Project Germany";
				TargetAttributes = {
					DBF380581B15C0B800369FB7 = {
						CreatedOnToolsVersion = 6.3;
						LastSwiftMigration = 0930;
					};
					DBF380631B15C0B800369FB7 = {
						CreatedOnToolsVersion = 6.3;
						LastSwiftMigration = 0930;
					};
				};
			};
			buildConfigurationList = DBF380531B15C0B800369FB7 /* Build configuration list for PBXProject "Ziphy" */;
			compatibilityVersion = "Xcode 3.2";
			developmentRegion = en;
			hasScannedForEncodings = 0;
			knownRegions = (
				en,
				Base,
			);
			mainGroup = DBF3804F1B15C0B800369FB7;
			productRefGroup = DBF3805A1B15C0B800369FB7 /* Products */;
			projectDirPath = "";
			projectRoot = "";
			targets = (
				DBF380581B15C0B800369FB7 /* Ziphy */,
				DBF380631B15C0B800369FB7 /* ZiphyTests */,
			);
		};
/* End PBXProject section */

/* Begin PBXResourcesBuildPhase section */
		DBF380571B15C0B800369FB7 /* Resources */ = {
			isa = PBXResourcesBuildPhase;
			buildActionMask = 2147483647;
			files = (
			);
			runOnlyForDeploymentPostprocessing = 0;
		};
		DBF380621B15C0B800369FB7 /* Resources */ = {
			isa = PBXResourcesBuildPhase;
			buildActionMask = 2147483647;
			files = (
			);
			runOnlyForDeploymentPostprocessing = 0;
		};
/* End PBXResourcesBuildPhase section */

/* Begin PBXSourcesBuildPhase section */
		DBF380541B15C0B800369FB7 /* Sources */ = {
			isa = PBXSourcesBuildPhase;
			buildActionMask = 2147483647;
			files = (
				EE9AEC9A2BD159F700F7853F /* Ziphy.docc in Sources */,
			);
			runOnlyForDeploymentPostprocessing = 0;
		};
		DBF380601B15C0B800369FB7 /* Sources */ = {
			isa = PBXSourcesBuildPhase;
			buildActionMask = 2147483647;
			files = (
			);
			runOnlyForDeploymentPostprocessing = 0;
		};
/* End PBXSourcesBuildPhase section */

/* Begin PBXTargetDependency section */
		DBF380671B15C0B800369FB7 /* PBXTargetDependency */ = {
			isa = PBXTargetDependency;
			target = DBF380581B15C0B800369FB7 /* Ziphy */;
			targetProxy = DBF380661B15C0B800369FB7 /* PBXContainerItemProxy */;
		};
/* End PBXTargetDependency section */

/* Begin XCBuildConfiguration section */
		DBF3806D1B15C0B800369FB7 /* Debug */ = {
			isa = XCBuildConfiguration;
			baseConfigurationReferenceAnchor = 594E28212D66113600864BC1 /* Resources */;
			baseConfigurationReferenceRelativePath = "Configurations/zmc-config/project-debug.xcconfig";
			buildSettings = {
				ALWAYS_SEARCH_USER_PATHS = NO;
				CLANG_ANALYZER_LOCALIZABILITY_NONLOCALIZED = YES;
				CLANG_CXX_LANGUAGE_STANDARD = "gnu++0x";
				CLANG_CXX_LIBRARY = "libc++";
				CLANG_ENABLE_MODULES = YES;
				CLANG_ENABLE_OBJC_ARC = YES;
				CLANG_WARN_BLOCK_CAPTURE_AUTORELEASING = YES;
				CLANG_WARN_BOOL_CONVERSION = YES;
				CLANG_WARN_COMMA = YES;
				CLANG_WARN_CONSTANT_CONVERSION = YES;
				CLANG_WARN_DIRECT_OBJC_ISA_USAGE = YES_ERROR;
				CLANG_WARN_EMPTY_BODY = YES;
				CLANG_WARN_ENUM_CONVERSION = YES;
				CLANG_WARN_INFINITE_RECURSION = YES;
				CLANG_WARN_INT_CONVERSION = YES;
				CLANG_WARN_OBJC_ROOT_CLASS = YES_ERROR;
				CLANG_WARN_RANGE_LOOP_ANALYSIS = YES;
				CLANG_WARN_STRICT_PROTOTYPES = YES;
				CLANG_WARN_SUSPICIOUS_MOVE = YES;
				CLANG_WARN_UNREACHABLE_CODE = YES;
				CLANG_WARN__DUPLICATE_METHOD_MATCH = YES;
				"CODE_SIGN_IDENTITY[sdk=iphoneos*]" = "iPhone Developer";
				COPY_PHASE_STRIP = NO;
				CURRENT_PROJECT_VERSION = 1;
				DEBUG_INFORMATION_FORMAT = "dwarf-with-dsym";
				ENABLE_STRICT_OBJC_MSGSEND = YES;
				ENABLE_TESTABILITY = YES;
				GCC_C_LANGUAGE_STANDARD = gnu99;
				GCC_DYNAMIC_NO_PIC = NO;
				GCC_NO_COMMON_BLOCKS = YES;
				GCC_OPTIMIZATION_LEVEL = 0;
				GCC_PREPROCESSOR_DEFINITIONS = (
					"DEBUG=1",
					"$(inherited)",
				);
				GCC_SYMBOLS_PRIVATE_EXTERN = NO;
				GCC_WARN_64_TO_32_BIT_CONVERSION = YES;
				GCC_WARN_ABOUT_RETURN_TYPE = YES_ERROR;
				GCC_WARN_UNDECLARED_SELECTOR = YES;
				GCC_WARN_UNINITIALIZED_AUTOS = YES_AGGRESSIVE;
				GCC_WARN_UNUSED_FUNCTION = YES;
				GCC_WARN_UNUSED_VARIABLE = YES;
				MTL_ENABLE_DEBUG_INFO = YES;
				ONLY_ACTIVE_ARCH = YES;
				SDKROOT = iphoneos;
				SWIFT_OPTIMIZATION_LEVEL = "-Onone";
				SWIFT_SWIFT3_OBJC_INFERENCE = Off;
				TARGETED_DEVICE_FAMILY = "1,2";
				VERSIONING_SYSTEM = "apple-generic";
				VERSION_INFO_PREFIX = "";
			};
			name = Debug;
		};
		DBF3806E1B15C0B800369FB7 /* Release */ = {
			isa = XCBuildConfiguration;
			baseConfigurationReferenceAnchor = 594E28212D66113600864BC1 /* Resources */;
			baseConfigurationReferenceRelativePath = "Configurations/zmc-config/project-debug.xcconfig";
			buildSettings = {
				ALWAYS_SEARCH_USER_PATHS = NO;
				CLANG_ANALYZER_LOCALIZABILITY_NONLOCALIZED = YES;
				CLANG_CXX_LANGUAGE_STANDARD = "gnu++0x";
				CLANG_CXX_LIBRARY = "libc++";
				CLANG_ENABLE_MODULES = YES;
				CLANG_ENABLE_OBJC_ARC = YES;
				CLANG_WARN_BLOCK_CAPTURE_AUTORELEASING = YES;
				CLANG_WARN_BOOL_CONVERSION = YES;
				CLANG_WARN_COMMA = YES;
				CLANG_WARN_CONSTANT_CONVERSION = YES;
				CLANG_WARN_DIRECT_OBJC_ISA_USAGE = YES_ERROR;
				CLANG_WARN_EMPTY_BODY = YES;
				CLANG_WARN_ENUM_CONVERSION = YES;
				CLANG_WARN_INFINITE_RECURSION = YES;
				CLANG_WARN_INT_CONVERSION = YES;
				CLANG_WARN_OBJC_ROOT_CLASS = YES_ERROR;
				CLANG_WARN_RANGE_LOOP_ANALYSIS = YES;
				CLANG_WARN_STRICT_PROTOTYPES = YES;
				CLANG_WARN_SUSPICIOUS_MOVE = YES;
				CLANG_WARN_UNREACHABLE_CODE = YES;
				CLANG_WARN__DUPLICATE_METHOD_MATCH = YES;
				"CODE_SIGN_IDENTITY[sdk=iphoneos*]" = "iPhone Developer";
				COPY_PHASE_STRIP = NO;
				CURRENT_PROJECT_VERSION = 1;
				DEBUG_INFORMATION_FORMAT = "dwarf-with-dsym";
				ENABLE_NS_ASSERTIONS = NO;
				ENABLE_STRICT_OBJC_MSGSEND = YES;
				GCC_C_LANGUAGE_STANDARD = gnu99;
				GCC_NO_COMMON_BLOCKS = YES;
				GCC_WARN_64_TO_32_BIT_CONVERSION = YES;
				GCC_WARN_ABOUT_RETURN_TYPE = YES_ERROR;
				GCC_WARN_UNDECLARED_SELECTOR = YES;
				GCC_WARN_UNINITIALIZED_AUTOS = YES_AGGRESSIVE;
				GCC_WARN_UNUSED_FUNCTION = YES;
				GCC_WARN_UNUSED_VARIABLE = YES;
				MTL_ENABLE_DEBUG_INFO = NO;
				SDKROOT = iphoneos;
				SWIFT_COMPILATION_MODE = wholemodule;
				SWIFT_OPTIMIZATION_LEVEL = "-O";
				SWIFT_SWIFT3_OBJC_INFERENCE = Off;
				TARGETED_DEVICE_FAMILY = "1,2";
				VALIDATE_PRODUCT = YES;
				VERSIONING_SYSTEM = "apple-generic";
				VERSION_INFO_PREFIX = "";
			};
			name = Release;
		};
		DBF380701B15C0B800369FB7 /* Debug */ = {
			isa = XCBuildConfiguration;
			baseConfigurationReferenceAnchor = 594E28212D66113600864BC1 /* Resources */;
			baseConfigurationReferenceRelativePath = "Configurations/ziphy-ios.xcconfig";
			buildSettings = {
				CODE_SIGN_IDENTITY = "";
				DEFINES_MODULE = YES;
				INFOPLIST_FILE = "$(SRCROOT)/Sources/Info.plist";
				INSTALL_PATH = "$(LOCAL_LIBRARY_DIR)/Frameworks";
				PRODUCT_BUNDLE_IDENTIFIER = "com.wearezeta.$(PRODUCT_NAME:rfc1034identifier)";
				PRODUCT_NAME = "$(TARGET_NAME)";
				SKIP_INSTALL = YES;
			};
			name = Debug;
		};
		DBF380711B15C0B800369FB7 /* Release */ = {
			isa = XCBuildConfiguration;
			baseConfigurationReferenceAnchor = 594E28212D66113600864BC1 /* Resources */;
			baseConfigurationReferenceRelativePath = "Configurations/ziphy-ios.xcconfig";
			buildSettings = {
				CODE_SIGN_IDENTITY = "";
				DEFINES_MODULE = YES;
				INFOPLIST_FILE = "$(SRCROOT)/Sources/Info.plist";
				INSTALL_PATH = "$(LOCAL_LIBRARY_DIR)/Frameworks";
				PRODUCT_BUNDLE_IDENTIFIER = "com.wearezeta.$(PRODUCT_NAME:rfc1034identifier)";
				PRODUCT_NAME = "$(TARGET_NAME)";
				SKIP_INSTALL = YES;
			};
			name = Release;
		};
		DBF380731B15C0B800369FB7 /* Debug */ = {
			isa = XCBuildConfiguration;
			baseConfigurationReferenceAnchor = 594E28212D66113600864BC1 /* Resources */;
			baseConfigurationReferenceRelativePath = "Configurations/zmc-config/ios-test-target.xcconfig";
			buildSettings = {
				GCC_PREPROCESSOR_DEFINITIONS = (
					"DEBUG=1",
					"$(inherited)",
				);
				INFOPLIST_FILE = ziphyTests/Info.plist;
				PRODUCT_BUNDLE_IDENTIFIER = "com.wearezeta.$(PRODUCT_NAME:rfc1034identifier)";
				PRODUCT_NAME = "$(TARGET_NAME)";
			};
			name = Debug;
		};
		DBF380741B15C0B800369FB7 /* Release */ = {
			isa = XCBuildConfiguration;
			baseConfigurationReferenceAnchor = 594E28212D66113600864BC1 /* Resources */;
			baseConfigurationReferenceRelativePath = "Configurations/zmc-config/ios-test-target.xcconfig";
			buildSettings = {
				INFOPLIST_FILE = ziphyTests/Info.plist;
				PRODUCT_BUNDLE_IDENTIFIER = "com.wearezeta.$(PRODUCT_NAME:rfc1034identifier)";
				PRODUCT_NAME = "$(TARGET_NAME)";
			};
			name = Release;
		};
/* End XCBuildConfiguration section */

/* Begin XCConfigurationList section */
		DBF380531B15C0B800369FB7 /* Build configuration list for PBXProject "Ziphy" */ = {
			isa = XCConfigurationList;
			buildConfigurations = (
				DBF3806D1B15C0B800369FB7 /* Debug */,
				DBF3806E1B15C0B800369FB7 /* Release */,
			);
			defaultConfigurationIsVisible = 0;
			defaultConfigurationName = Release;
		};
		DBF3806F1B15C0B800369FB7 /* Build configuration list for PBXNativeTarget "Ziphy" */ = {
			isa = XCConfigurationList;
			buildConfigurations = (
				DBF380701B15C0B800369FB7 /* Debug */,
				DBF380711B15C0B800369FB7 /* Release */,
			);
			defaultConfigurationIsVisible = 0;
			defaultConfigurationName = Release;
		};
		DBF380721B15C0B800369FB7 /* Build configuration list for PBXNativeTarget "ZiphyTests" */ = {
			isa = XCConfigurationList;
			buildConfigurations = (
				DBF380731B15C0B800369FB7 /* Debug */,
				DBF380741B15C0B800369FB7 /* Release */,
			);
			defaultConfigurationIsVisible = 0;
			defaultConfigurationName = Release;
		};
/* End XCConfigurationList section */
	};
	rootObject = DBF380501B15C0B800369FB7 /* Project object */;
}
