// !$*UTF8*$!
{
	archiveVersion = 1;
	classes = {
	};
	objectVersion = 71;
	objects = {

/* Begin PBXBuildFile section */
		591B6E562C8B09D6009F8A7B /* OCMock.xcframework in Frameworks */ = {isa = PBXBuildFile; fileRef = 5996E8C22C19FFDB007A52F0 /* OCMock.xcframework */; };
		591B6E592C8B09DA009F8A7B /* WireMockTransport.framework in Frameworks */ = {isa = PBXBuildFile; fileRef = 54C902331B7532DD007162A8 /* WireMockTransport.framework */; };
		5950B03A2E2EA5990051B07A /* GenericMessageProtocol in Frameworks */ = {isa = PBXBuildFile; productRef = 5950B0392E2EA5990051B07A /* GenericMessageProtocol */; };
		59EC73FB2C20B82F00E5C036 /* WireSystem.framework in Frameworks */ = {isa = PBXBuildFile; fileRef = 59EC73FA2C20B82F00E5C036 /* WireSystem.framework */; };
		CB79AC682C6D0009003CF5F4 /* WireTransportSupport.framework in Frameworks */ = {isa = PBXBuildFile; fileRef = CB79AC672C6D0009003CF5F4 /* WireTransportSupport.framework */; };
		EE67F700296F09D8001D7C88 /* WireTesting.framework in Frameworks */ = {isa = PBXBuildFile; fileRef = EE67F6FF296F09D8001D7C88 /* WireTesting.framework */; };
		EE974128295498E2000C9340 /* WireTransport.framework in Frameworks */ = {isa = PBXBuildFile; fileRef = EE974127295498E2000C9340 /* WireTransport.framework */; };
		EE9AEC922BD1596000F7853F /* WireMockTransport.docc in Sources */ = {isa = PBXBuildFile; fileRef = EE9AEC912BD1596000F7853F /* WireMockTransport.docc */; };
/* End PBXBuildFile section */

/* Begin PBXContainerItemProxy section */
		54C902401B7532DD007162A8 /* PBXContainerItemProxy */ = {
			isa = PBXContainerItemProxy;
			containerPortal = 54C9022A1B7532DD007162A8 /* Project object */;
			proxyType = 1;
			remoteGlobalIDString = 54C902321B7532DD007162A8;
			remoteInfo = WireMockTransport;
		};
/* End PBXContainerItemProxy section */

/* Begin PBXFileReference section */
		54C902331B7532DD007162A8 /* WireMockTransport.framework */ = {isa = PBXFileReference; explicitFileType = wrapper.framework; includeInIndex = 0; path = WireMockTransport.framework; sourceTree = BUILT_PRODUCTS_DIR; };
		54C9023E1B7532DD007162A8 /* WireMockTransportTests.xctest */ = {isa = PBXFileReference; explicitFileType = wrapper.cfbundle; includeInIndex = 0; path = WireMockTransportTests.xctest; sourceTree = BUILT_PRODUCTS_DIR; };
		5996E8C22C19FFDB007A52F0 /* OCMock.xcframework */ = {isa = PBXFileReference; lastKnownFileType = wrapper.xcframework; name = OCMock.xcframework; path = ../Carthage/Build/OCMock.xcframework; sourceTree = "<group>"; };
		59EC73FA2C20B82F00E5C036 /* WireSystem.framework */ = {isa = PBXFileReference; explicitFileType = wrapper.framework; path = WireSystem.framework; sourceTree = BUILT_PRODUCTS_DIR; };
		CB79AC672C6D0009003CF5F4 /* WireTransportSupport.framework */ = {isa = PBXFileReference; explicitFileType = wrapper.framework; path = WireTransportSupport.framework; sourceTree = BUILT_PRODUCTS_DIR; };
		EE67F6FF296F09D8001D7C88 /* WireTesting.framework */ = {isa = PBXFileReference; explicitFileType = wrapper.framework; path = WireTesting.framework; sourceTree = BUILT_PRODUCTS_DIR; };
		EE974127295498E2000C9340 /* WireTransport.framework */ = {isa = PBXFileReference; explicitFileType = wrapper.framework; path = WireTransport.framework; sourceTree = BUILT_PRODUCTS_DIR; };
		EE9AEC912BD1596000F7853F /* WireMockTransport.docc */ = {isa = PBXFileReference; lastKnownFileType = folder.documentationcatalog; path = WireMockTransport.docc; sourceTree = "<group>"; };
/* End PBXFileReference section */

/* Begin PBXFileSystemSynchronizedBuildFileExceptionSet section */
		594E26942D66105300864BC1 /* PBXFileSystemSynchronizedBuildFileExceptionSet */ = {
			isa = PBXFileSystemSynchronizedBuildFileExceptionSet;
			membershipExceptions = (
				Resources/Info.plist,
				TestPlans/AllTests.xctestplan,
			);
			target = 54C9023D1B7532DD007162A8 /* WireMockTransportTests */;
		};
		594E27E12D66108800864BC1 /* PBXFileSystemSynchronizedBuildFileExceptionSet */ = {
			isa = PBXFileSystemSynchronizedBuildFileExceptionSet;
			membershipExceptions = (
				"MockTransportSession+internal.h",
				"NSManagedObjectContext+executeFetchRequestOrAssert.h",
			);
			publicHeaders = (
				Assets/MockAsset.h,
				Assets/MockPicture.h,
				"Clients and OTR/MockPreKey.h",
				Connections/MockConnection.h,
				Conversations/MockConversation.h,
				MockTransportSession.h,
				"Push Events/MockEvent.h",
				WireMockTransport.h,
			);
			target = 54C902321B7532DD007162A8 /* WireMockTransport */;
		};
		594E27F62D66108A00864BC1 /* PBXFileSystemSynchronizedBuildFileExceptionSet */ = {
			isa = PBXFileSystemSynchronizedBuildFileExceptionSet;
			membershipExceptions = (
				medium.jpg,
				MockTransportSession.xcdatamodeld,
				tiny.jpg,
			);
			target = 54C902321B7532DD007162A8 /* WireMockTransport */;
		};
/* End PBXFileSystemSynchronizedBuildFileExceptionSet section */

/* Begin PBXFileSystemSynchronizedRootGroup section */
		594E26722D66105300864BC1 /* Tests */ = {isa = PBXFileSystemSynchronizedRootGroup; exceptions = (594E26942D66105300864BC1 /* PBXFileSystemSynchronizedBuildFileExceptionSet */, ); explicitFileTypes = {}; explicitFolders = (); path = Tests; sourceTree = "<group>"; };
		594E27942D66108800864BC1 /* Source */ = {isa = PBXFileSystemSynchronizedRootGroup; exceptions = (594E27E12D66108800864BC1 /* PBXFileSystemSynchronizedBuildFileExceptionSet */, ); explicitFileTypes = {}; explicitFolders = (); path = Source; sourceTree = "<group>"; };
		594E27F12D66108A00864BC1 /* Resources */ = {isa = PBXFileSystemSynchronizedRootGroup; exceptions = (594E27F62D66108A00864BC1 /* PBXFileSystemSynchronizedBuildFileExceptionSet */, ); explicitFileTypes = {}; explicitFolders = (); path = Resources; sourceTree = "<group>"; };
/* End PBXFileSystemSynchronizedRootGroup section */

/* Begin PBXFrameworksBuildPhase section */
		54C9022F1B7532DD007162A8 /* Frameworks */ = {
			isa = PBXFrameworksBuildPhase;
			buildActionMask = 2147483647;
			files = (
				5950B03A2E2EA5990051B07A /* GenericMessageProtocol in Frameworks */,
				59EC73FB2C20B82F00E5C036 /* WireSystem.framework in Frameworks */,
				EE67F700296F09D8001D7C88 /* WireTesting.framework in Frameworks */,
				CB79AC682C6D0009003CF5F4 /* WireTransportSupport.framework in Frameworks */,
				591B6E562C8B09D6009F8A7B /* OCMock.xcframework in Frameworks */,
				EE974128295498E2000C9340 /* WireTransport.framework in Frameworks */,
			);
			runOnlyForDeploymentPostprocessing = 0;
		};
		54C9023B1B7532DD007162A8 /* Frameworks */ = {
			isa = PBXFrameworksBuildPhase;
			buildActionMask = 2147483647;
			files = (
				591B6E592C8B09DA009F8A7B /* WireMockTransport.framework in Frameworks */,
			);
			runOnlyForDeploymentPostprocessing = 0;
		};
/* End PBXFrameworksBuildPhase section */

/* Begin PBXGroup section */
		54C902291B7532DD007162A8 = {
			isa = PBXGroup;
			children = (
				EE9AEC912BD1596000F7853F /* WireMockTransport.docc */,
				594E27F12D66108A00864BC1 /* Resources */,
				594E27942D66108800864BC1 /* Source */,
				594E26722D66105300864BC1 /* Tests */,
				54C902651B753419007162A8 /* Frameworks */,
				54C902341B7532DD007162A8 /* Products */,
			);
			indentWidth = 4;
			sourceTree = "<group>";
			tabWidth = 4;
			usesTabs = 0;
			wrapsLines = 1;
		};
		54C902341B7532DD007162A8 /* Products */ = {
			isa = PBXGroup;
			children = (
				54C902331B7532DD007162A8 /* WireMockTransport.framework */,
				54C9023E1B7532DD007162A8 /* WireMockTransportTests.xctest */,
			);
			name = Products;
			sourceTree = "<group>";
		};
		54C902651B753419007162A8 /* Frameworks */ = {
			isa = PBXGroup;
			children = (
				59EC73FA2C20B82F00E5C036 /* WireSystem.framework */,
				EE67F6FF296F09D8001D7C88 /* WireTesting.framework */,
				EE974127295498E2000C9340 /* WireTransport.framework */,
				CB79AC672C6D0009003CF5F4 /* WireTransportSupport.framework */,
				5996E8C22C19FFDB007A52F0 /* OCMock.xcframework */,
			);
			name = Frameworks;
			sourceTree = "<group>";
		};
/* End PBXGroup section */

/* Begin PBXHeadersBuildPhase section */
		54C902301B7532DD007162A8 /* Headers */ = {
			isa = PBXHeadersBuildPhase;
			buildActionMask = 2147483647;
			files = (
			);
			runOnlyForDeploymentPostprocessing = 0;
		};
/* End PBXHeadersBuildPhase section */

/* Begin PBXNativeTarget section */
		54C902321B7532DD007162A8 /* WireMockTransport */ = {
			isa = PBXNativeTarget;
			buildConfigurationList = 54C902491B7532DD007162A8 /* Build configuration list for PBXNativeTarget "WireMockTransport" */;
			buildPhases = (
				54C902301B7532DD007162A8 /* Headers */,
				54C9022E1B7532DD007162A8 /* Sources */,
				54C9022F1B7532DD007162A8 /* Frameworks */,
				54C902311B7532DD007162A8 /* Resources */,
			);
			buildRules = (
			);
			dependencies = (
			);
			fileSystemSynchronizedGroups = (
				594E27942D66108800864BC1 /* Source */,
			);
			name = WireMockTransport;
			productName = WireMockTransport;
			productReference = 54C902331B7532DD007162A8 /* WireMockTransport.framework */;
			productType = "com.apple.product-type.framework";
		};
		54C9023D1B7532DD007162A8 /* WireMockTransportTests */ = {
			isa = PBXNativeTarget;
			buildConfigurationList = 54C9024C1B7532DD007162A8 /* Build configuration list for PBXNativeTarget "WireMockTransportTests" */;
			buildPhases = (
				54C9023A1B7532DD007162A8 /* Sources */,
				54C9023B1B7532DD007162A8 /* Frameworks */,
				54C9023C1B7532DD007162A8 /* Resources */,
			);
			buildRules = (
			);
			dependencies = (
				54C902411B7532DD007162A8 /* PBXTargetDependency */,
			);
			fileSystemSynchronizedGroups = (
				594E26722D66105300864BC1 /* Tests */,
			);
			name = WireMockTransportTests;
			productName = WireMockTransportTests;
			productReference = 54C9023E1B7532DD007162A8 /* WireMockTransportTests.xctest */;
			productType = "com.apple.product-type.bundle.unit-test";
		};
/* End PBXNativeTarget section */

/* Begin PBXProject section */
		54C9022A1B7532DD007162A8 /* Project object */ = {
			isa = PBXProject;
			attributes = {
				LastSwiftUpdateCheck = 0730;
				LastUpgradeCheck = 1240;
				ORGANIZATIONNAME = "Zeta Project";
				TargetAttributes = {
					54C902321B7532DD007162A8 = {
						CreatedOnToolsVersion = 6.4;
						LastSwiftMigration = 1000;
					};
					54C9023D1B7532DD007162A8 = {
						CreatedOnToolsVersion = 6.4;
						LastSwiftMigration = 1000;
					};
				};
			};
			buildConfigurationList = 54C9022D1B7532DD007162A8 /* Build configuration list for PBXProject "WireMockTransport" */;
			compatibilityVersion = "Xcode 3.2";
			developmentRegion = en;
			hasScannedForEncodings = 0;
			knownRegions = (
				en,
				Base,
			);
			mainGroup = 54C902291B7532DD007162A8;
			packageReferences = (
				5950B0382E2EA5990051B07A /* XCRemoteSwiftPackageReference "generic-message-proto" */,
			);
			productRefGroup = 54C902341B7532DD007162A8 /* Products */;
			projectDirPath = "";
			projectRoot = "";
			targets = (
				54C902321B7532DD007162A8 /* WireMockTransport */,
				54C9023D1B7532DD007162A8 /* WireMockTransportTests */,
			);
		};
/* End PBXProject section */

/* Begin PBXResourcesBuildPhase section */
		54C902311B7532DD007162A8 /* Resources */ = {
			isa = PBXResourcesBuildPhase;
			buildActionMask = 2147483647;
			files = (
			);
			runOnlyForDeploymentPostprocessing = 0;
		};
		54C9023C1B7532DD007162A8 /* Resources */ = {
			isa = PBXResourcesBuildPhase;
			buildActionMask = 2147483647;
			files = (
			);
			runOnlyForDeploymentPostprocessing = 0;
		};
/* End PBXResourcesBuildPhase section */

/* Begin PBXSourcesBuildPhase section */
		54C9022E1B7532DD007162A8 /* Sources */ = {
			isa = PBXSourcesBuildPhase;
			buildActionMask = 2147483647;
			files = (
				EE9AEC922BD1596000F7853F /* WireMockTransport.docc in Sources */,
			);
			runOnlyForDeploymentPostprocessing = 0;
		};
		54C9023A1B7532DD007162A8 /* Sources */ = {
			isa = PBXSourcesBuildPhase;
			buildActionMask = 2147483647;
			files = (
			);
			runOnlyForDeploymentPostprocessing = 0;
		};
/* End PBXSourcesBuildPhase section */

/* Begin PBXTargetDependency section */
		54C902411B7532DD007162A8 /* PBXTargetDependency */ = {
			isa = PBXTargetDependency;
			target = 54C902321B7532DD007162A8 /* WireMockTransport */;
			targetProxy = 54C902401B7532DD007162A8 /* PBXContainerItemProxy */;
		};
/* End PBXTargetDependency section */

/* Begin XCBuildConfiguration section */
		54C902471B7532DD007162A8 /* Debug */ = {
			isa = XCBuildConfiguration;
			baseConfigurationReferenceAnchor = 594E27F12D66108A00864BC1 /* Resources */;
			baseConfigurationReferenceRelativePath = "Configurations/zmc-config/project-debug.xcconfig";
			buildSettings = {
				CLANG_ANALYZER_LOCALIZABILITY_NONLOCALIZED = YES;
				ONLY_ACTIVE_ARCH = YES;
				SDKROOT = iphoneos;
				SWIFT_SWIFT3_OBJC_INFERENCE = Off;
			};
			name = Debug;
		};
		54C902481B7532DD007162A8 /* Release */ = {
			isa = XCBuildConfiguration;
			baseConfigurationReferenceAnchor = 594E27F12D66108A00864BC1 /* Resources */;
			baseConfigurationReferenceRelativePath = "Configurations/zmc-config/project.xcconfig";
			buildSettings = {
				CLANG_ANALYZER_LOCALIZABILITY_NONLOCALIZED = YES;
				SDKROOT = iphoneos;
				SWIFT_SWIFT3_OBJC_INFERENCE = Off;
			};
			name = Release;
		};
		54C9024A1B7532DD007162A8 /* Debug */ = {
			isa = XCBuildConfiguration;
			baseConfigurationReferenceAnchor = 594E27F12D66108A00864BC1 /* Resources */;
			baseConfigurationReferenceRelativePath = Configurations/WireMockTransport.xcconfig;
			buildSettings = {
				INFOPLIST_FILE = "$(SRCROOT)/Resources/Info.plist";
				MOMC_NO_INVERSE_RELATIONSHIP_WARNINGS = YES;
				PRODUCT_BUNDLE_IDENTIFIER = "com.wire.$(PRODUCT_NAME:rfc1034identifier)";
				SKIP_INSTALL = YES;
			};
			name = Debug;
		};
		54C9024B1B7532DD007162A8 /* Release */ = {
			isa = XCBuildConfiguration;
			baseConfigurationReferenceAnchor = 594E27F12D66108A00864BC1 /* Resources */;
			baseConfigurationReferenceRelativePath = Configurations/WireMockTransport.xcconfig;
			buildSettings = {
				INFOPLIST_FILE = "$(SRCROOT)/Resources/Info.plist";
				MOMC_NO_INVERSE_RELATIONSHIP_WARNINGS = YES;
				PRODUCT_BUNDLE_IDENTIFIER = "com.wire.$(PRODUCT_NAME:rfc1034identifier)";
				SKIP_INSTALL = YES;
			};
			name = Release;
		};
		54C9024D1B7532DD007162A8 /* Debug */ = {
			isa = XCBuildConfiguration;
			baseConfigurationReferenceAnchor = 594E27F12D66108A00864BC1 /* Resources */;
			baseConfigurationReferenceRelativePath = "Configurations/zmc-config/ios-test-target.xcconfig";
			buildSettings = {
				INFOPLIST_FILE = Tests/Resources/Info.plist;
				PRODUCT_BUNDLE_IDENTIFIER = "com.wire.$(PRODUCT_NAME:rfc1034identifier)";
				PRODUCT_NAME = WireMockTransportTests;
				SWIFT_OBJC_BRIDGING_HEADER = "$(SRCROOT)/Tests/Resources/Bridging-Header.h";
				VALIDATE_WORKSPACE = YES;
			};
			name = Debug;
		};
		54C9024E1B7532DD007162A8 /* Release */ = {
			isa = XCBuildConfiguration;
			baseConfigurationReferenceAnchor = 594E27F12D66108A00864BC1 /* Resources */;
			baseConfigurationReferenceRelativePath = "Configurations/zmc-config/ios-test-target.xcconfig";
			buildSettings = {
				INFOPLIST_FILE = Tests/Resources/Info.plist;
				PRODUCT_BUNDLE_IDENTIFIER = "com.wire.$(PRODUCT_NAME:rfc1034identifier)";
				PRODUCT_NAME = WireMockTransportTests;
				SWIFT_OBJC_BRIDGING_HEADER = "$(SRCROOT)/Tests/Resources/Bridging-Header.h";
				VALIDATE_WORKSPACE = YES;
			};
			name = Release;
		};
/* End XCBuildConfiguration section */

/* Begin XCConfigurationList section */
		54C9022D1B7532DD007162A8 /* Build configuration list for PBXProject "WireMockTransport" */ = {
			isa = XCConfigurationList;
			buildConfigurations = (
				54C902471B7532DD007162A8 /* Debug */,
				54C902481B7532DD007162A8 /* Release */,
			);
			defaultConfigurationIsVisible = 0;
			defaultConfigurationName = Release;
		};
		54C902491B7532DD007162A8 /* Build configuration list for PBXNativeTarget "WireMockTransport" */ = {
			isa = XCConfigurationList;
			buildConfigurations = (
				54C9024A1B7532DD007162A8 /* Debug */,
				54C9024B1B7532DD007162A8 /* Release */,
			);
			defaultConfigurationIsVisible = 0;
			defaultConfigurationName = Release;
		};
		54C9024C1B7532DD007162A8 /* Build configuration list for PBXNativeTarget "WireMockTransportTests" */ = {
			isa = XCConfigurationList;
			buildConfigurations = (
				54C9024D1B7532DD007162A8 /* Debug */,
				54C9024E1B7532DD007162A8 /* Release */,
			);
			defaultConfigurationIsVisible = 0;
			defaultConfigurationName = Release;
		};
/* End XCConfigurationList section */

/* Begin XCRemoteSwiftPackageReference section */
		5950B0382E2EA5990051B07A /* XCRemoteSwiftPackageReference "generic-message-proto" */ = {
			isa = XCRemoteSwiftPackageReference;
			repositoryURL = "https://github.com/wireapp/generic-message-proto.git";
			requirement = {
				kind = upToNextMajorVersion;
				minimumVersion = 1.54.0;
			};
		};
/* End XCRemoteSwiftPackageReference section */

/* Begin XCSwiftPackageProductDependency section */
		5950B0392E2EA5990051B07A /* GenericMessageProtocol */ = {
			isa = XCSwiftPackageProductDependency;
			package = 5950B0382E2EA5990051B07A /* XCRemoteSwiftPackageReference "generic-message-proto" */;
			productName = GenericMessageProtocol;
		};
/* End XCSwiftPackageProductDependency section */
	};
	rootObject = 54C9022A1B7532DD007162A8 /* Project object */;
}
